{
  "object": {
    "pins": [
      {
        "package": "ASN1Swift",
        "repositoryURL": "https://github.com/tikhop/ASN1Swift",
        "state": {
          "branch": "master",
          "revision": "e6826025f4648442656daaf88cda7e4aa7d8854e",
          "version": null
        }
      }
    ]
  },
  "version": 1
}
