{
  "object": {
    "pins": [
      {
        "package": "ASN1Swift",
        "repositoryURL": "https://github.com/tikhop/ASN1Swift",
        "state": {
          "branch": "master",
          "revision": "48ae03e9da70d8ca78f7bec5b03a63770d121bfe",
          "version": null
        }
      }
    ]
  },
  "version": 1
}
