// !$*UTF8*$!
{
	archiveVersion = 1;
	classes = {
	};
	objectVersion = 46;
	objects = {

/* Begin PBXBuildFile section */
		47209A0B1D9E0FD60010BCDE /* TPInAppReceipt.framework in Frameworks */ = {isa = PBXBuildFile; fileRef = 47209A011D9E0FD60010BCDE /* TPInAppReceipt.framework */; };
		47209A121D9E0FD60010BCDE /* TPInAppReceipt.h in Headers */ = {isa = PBXBuildFile; fileRef = 47209A041D9E0FD60010BCDE /* TPInAppReceipt.h */; settings = {ATTRIBUTES = (Public, ); }; };
		47209AC01D9E111C0010BCDE /* ASN1Helper.swift in Sources */ = {isa = PBXBuildFile; fileRef = 47209ABC1D9E111C0010BCDE /* ASN1Helper.swift */; };
		47209AC11D9E111C0010BCDE /* Data+Extension.swift in Sources */ = {isa = PBXBuildFile; fileRef = 47209ABD1D9E111C0010BCDE /* Data+Extension.swift */; };
		47209AC21D9E111C0010BCDE /* InAppReceipt.swift in Sources */ = {isa = PBXBuildFile; fileRef = 47209ABE1D9E111C0010BCDE /* InAppReceipt.swift */; };
		47209AC51D9E112C0010BCDE /* AppleIncRootCertificate.cer in Resources */ = {isa = PBXBuildFile; fileRef = 47209AC41D9E112C0010BCDE /* AppleIncRootCertificate.cer */; };
		47209AC61D9E112C0010BCDE /* AppleIncRootCertificate.cer in Resources */ = {isa = PBXBuildFile; fileRef = 47209AC41D9E112C0010BCDE /* AppleIncRootCertificate.cer */; };
		4728B65922BE3DB900607E5E /* Asn1Coder.swift in Sources */ = {isa = PBXBuildFile; fileRef = 4728B65822BE3DB900607E5E /* Asn1Coder.swift */; };
		47589AE51E319A220047DFCD /* Validation.swift in Sources */ = {isa = PBXBuildFile; fileRef = 47589AE41E319A220047DFCD /* Validation.swift */; };
		47589AE71E31AE6F0047DFCD /* PKCS7Helper.swift in Sources */ = {isa = PBXBuildFile; fileRef = 47589AE61E31AE6F0047DFCD /* PKCS7Helper.swift */; };
		47589AE91E31B2F90047DFCD /* InAppPurchase.swift in Sources */ = {isa = PBXBuildFile; fileRef = 47589AE81E31B2F90047DFCD /* InAppPurchase.swift */; };
		47589AEB1E32D6BB0047DFCD /* InAppReceiptPayload.swift in Sources */ = {isa = PBXBuildFile; fileRef = 47589AEA1E32D6BB0047DFCD /* InAppReceiptPayload.swift */; };
		47589AEF1E332D5E0047DFCD /* IARError.swift in Sources */ = {isa = PBXBuildFile; fileRef = 47589AEE1E332D5D0047DFCD /* IARError.swift */; };
		47589AF31E333F450047DFCD /* InAppReceiptPayload.swift in Sources */ = {isa = PBXBuildFile; fileRef = 47589AEA1E32D6BB0047DFCD /* InAppReceiptPayload.swift */; };
		47589AF41E333F450047DFCD /* IARError.swift in Sources */ = {isa = PBXBuildFile; fileRef = 47589AEE1E332D5D0047DFCD /* IARError.swift */; };
		47589AF51E333F450047DFCD /* Date+Extension.swift in Sources */ = {isa = PBXBuildFile; fileRef = 479DC54C1DA0B8BB00D9A5E3 /* Date+Extension.swift */; };
		47589AF61E333F450047DFCD /* InAppPurchase.swift in Sources */ = {isa = PBXBuildFile; fileRef = 47589AE81E31B2F90047DFCD /* InAppPurchase.swift */; };
		47589AF91E333F450047DFCD /* Data+Extension.swift in Sources */ = {isa = PBXBuildFile; fileRef = 47209ABD1D9E111C0010BCDE /* Data+Extension.swift */; };
		47589AFA1E333F450047DFCD /* InAppReceipt.swift in Sources */ = {isa = PBXBuildFile; fileRef = 47209ABE1D9E111C0010BCDE /* InAppReceipt.swift */; };
		47589AFB1E333F450047DFCD /* Validation.swift in Sources */ = {isa = PBXBuildFile; fileRef = 47589AE41E319A220047DFCD /* Validation.swift */; };
		47589AFD1E333F450047DFCD /* PKCS7Helper.swift in Sources */ = {isa = PBXBuildFile; fileRef = 47589AE61E31AE6F0047DFCD /* PKCS7Helper.swift */; };
		47589B391E333F450047DFCD /* TPInAppReceipt.h in Headers */ = {isa = PBXBuildFile; fileRef = 47209A041D9E0FD60010BCDE /* TPInAppReceipt.h */; settings = {ATTRIBUTES = (Public, ); }; };
		47589B4F1E333F450047DFCD /* AppleIncRootCertificate.cer in Resources */ = {isa = PBXBuildFile; fileRef = 47209AC41D9E112C0010BCDE /* AppleIncRootCertificate.cer */; };
		47589B561E3342490047DFCD /* DeviceGUIDRetriever.swift in Sources */ = {isa = PBXBuildFile; fileRef = 47589B551E3342490047DFCD /* DeviceGUIDRetriever.swift */; };
		47589B571E3342490047DFCD /* DeviceGUIDRetriever.swift in Sources */ = {isa = PBXBuildFile; fileRef = 47589B551E3342490047DFCD /* DeviceGUIDRetriever.swift */; };
		476C64BE22BE6DC100D973F9 /* PKC7.swift in Sources */ = {isa = PBXBuildFile; fileRef = 476C64BD22BE6DC100D973F9 /* PKC7.swift */; };
		476C64CA22BFC93E00D973F9 /* PKC7.swift in Sources */ = {isa = PBXBuildFile; fileRef = 476C64BD22BE6DC100D973F9 /* PKC7.swift */; };
		476C64CB22BFC94400D973F9 /* Asn1Coder.swift in Sources */ = {isa = PBXBuildFile; fileRef = 4728B65822BE3DB900607E5E /* Asn1Coder.swift */; };
		476C64CC22BFC94400D973F9 /* ASN1Helper.swift in Sources */ = {isa = PBXBuildFile; fileRef = 47209ABC1D9E111C0010BCDE /* ASN1Helper.swift */; };
		476C64D422C028D300D973F9 /* ASN1Object.swift in Sources */ = {isa = PBXBuildFile; fileRef = 476C64D322C028D300D973F9 /* ASN1Object.swift */; };
		476C64D622C028F800D973F9 /* ASN1Object+Helper.swift in Sources */ = {isa = PBXBuildFile; fileRef = 476C64D522C028F800D973F9 /* ASN1Object+Helper.swift */; };
		476C64D822C0298000D973F9 /* ASN1Object+ValueReading.swift in Sources */ = {isa = PBXBuildFile; fileRef = 476C64D722C0298000D973F9 /* ASN1Object+ValueReading.swift */; };
		476C64DA22C0330500D973F9 /* ASN1Object+Sequence.swift in Sources */ = {isa = PBXBuildFile; fileRef = 476C64D922C0330500D973F9 /* ASN1Object+Sequence.swift */; };
		476C64DB22C0EF1B00D973F9 /* ASN1Object.swift in Sources */ = {isa = PBXBuildFile; fileRef = 476C64D322C028D300D973F9 /* ASN1Object.swift */; };
		476C64DC22C0EF1B00D973F9 /* ASN1Object+Helper.swift in Sources */ = {isa = PBXBuildFile; fileRef = 476C64D522C028F800D973F9 /* ASN1Object+Helper.swift */; };
		476C64DD22C0EF1B00D973F9 /* ASN1Object+ValueReading.swift in Sources */ = {isa = PBXBuildFile; fileRef = 476C64D722C0298000D973F9 /* ASN1Object+ValueReading.swift */; };
		476C64DE22C0EF1B00D973F9 /* ASN1Object+Sequence.swift in Sources */ = {isa = PBXBuildFile; fileRef = 476C64D922C0330500D973F9 /* ASN1Object+Sequence.swift */; };
		476C661C22C1D96E00D973F9 /* SHA1.swift in Sources */ = {isa = PBXBuildFile; fileRef = 476C661B22C1D96E00D973F9 /* SHA1.swift */; };
		476C661E22C1DA0100D973F9 /* Utils.swift in Sources */ = {isa = PBXBuildFile; fileRef = 476C661D22C1DA0100D973F9 /* Utils.swift */; };
		476C661F22C1DA0200D973F9 /* Utils.swift in Sources */ = {isa = PBXBuildFile; fileRef = 476C661D22C1DA0100D973F9 /* Utils.swift */; };
		476C662222C1DA1700D973F9 /* Updatable.swift in Sources */ = {isa = PBXBuildFile; fileRef = 476C662022C1DA1700D973F9 /* Updatable.swift */; };
		476C662322C1DA1700D973F9 /* Updatable.swift in Sources */ = {isa = PBXBuildFile; fileRef = 476C662022C1DA1700D973F9 /* Updatable.swift */; };
		476C662422C1DA1700D973F9 /* DigestType.swift in Sources */ = {isa = PBXBuildFile; fileRef = 476C662122C1DA1700D973F9 /* DigestType.swift */; };
		476C662522C1DA1700D973F9 /* DigestType.swift in Sources */ = {isa = PBXBuildFile; fileRef = 476C662122C1DA1700D973F9 /* DigestType.swift */; };
		476C662722C1DA2C00D973F9 /* Int+Extension.swift in Sources */ = {isa = PBXBuildFile; fileRef = 476C662622C1DA2C00D973F9 /* Int+Extension.swift */; };
		476C662822C1DA2C00D973F9 /* Int+Extension.swift in Sources */ = {isa = PBXBuildFile; fileRef = 476C662622C1DA2C00D973F9 /* Int+Extension.swift */; };
		476C662A22C1DA4500D973F9 /* BatchedCollection.swift in Sources */ = {isa = PBXBuildFile; fileRef = 476C662922C1DA4500D973F9 /* BatchedCollection.swift */; };
		476C662B22C1DA4500D973F9 /* BatchedCollection.swift in Sources */ = {isa = PBXBuildFile; fileRef = 476C662922C1DA4500D973F9 /* BatchedCollection.swift */; };
		476C663122C1DA9100D973F9 /* UInt16+Extension.swift in Sources */ = {isa = PBXBuildFile; fileRef = 476C662C22C1DA9100D973F9 /* UInt16+Extension.swift */; };
		476C663222C1DA9100D973F9 /* UInt16+Extension.swift in Sources */ = {isa = PBXBuildFile; fileRef = 476C662C22C1DA9100D973F9 /* UInt16+Extension.swift */; };
		476C663322C1DA9100D973F9 /* UInt32+Extension.swift in Sources */ = {isa = PBXBuildFile; fileRef = 476C662D22C1DA9100D973F9 /* UInt32+Extension.swift */; };
		476C663422C1DA9100D973F9 /* UInt32+Extension.swift in Sources */ = {isa = PBXBuildFile; fileRef = 476C662D22C1DA9100D973F9 /* UInt32+Extension.swift */; };
		476C663522C1DA9100D973F9 /* UInt64+Extension.swift in Sources */ = {isa = PBXBuildFile; fileRef = 476C662E22C1DA9100D973F9 /* UInt64+Extension.swift */; };
		476C663622C1DA9100D973F9 /* UInt64+Extension.swift in Sources */ = {isa = PBXBuildFile; fileRef = 476C662E22C1DA9100D973F9 /* UInt64+Extension.swift */; };
		476C663722C1DA9100D973F9 /* UInt8+Extension.swift in Sources */ = {isa = PBXBuildFile; fileRef = 476C662F22C1DA9100D973F9 /* UInt8+Extension.swift */; };
		476C663822C1DA9100D973F9 /* UInt8+Extension.swift in Sources */ = {isa = PBXBuildFile; fileRef = 476C662F22C1DA9100D973F9 /* UInt8+Extension.swift */; };
		476C663922C1DA9100D973F9 /* String+Extension.swift in Sources */ = {isa = PBXBuildFile; fileRef = 476C663022C1DA9100D973F9 /* String+Extension.swift */; };
		476C663A22C1DA9100D973F9 /* String+Extension.swift in Sources */ = {isa = PBXBuildFile; fileRef = 476C663022C1DA9100D973F9 /* String+Extension.swift */; };
		476C663F22C1DAC000D973F9 /* Array+Extension.swift in Sources */ = {isa = PBXBuildFile; fileRef = 476C663E22C1DAC000D973F9 /* Array+Extension.swift */; };
		476C664022C1DAC000D973F9 /* Array+Extension.swift in Sources */ = {isa = PBXBuildFile; fileRef = 476C663E22C1DAC000D973F9 /* Array+Extension.swift */; };
		476C664222C1DB6900D973F9 /* Bit.swift in Sources */ = {isa = PBXBuildFile; fileRef = 476C664122C1DB6900D973F9 /* Bit.swift */; };
		476C664322C1DB6900D973F9 /* Bit.swift in Sources */ = {isa = PBXBuildFile; fileRef = 476C664122C1DB6900D973F9 /* Bit.swift */; };
		476C664522C1DBC300D973F9 /* Generics.swift in Sources */ = {isa = PBXBuildFile; fileRef = 476C664422C1DBC300D973F9 /* Generics.swift */; };
		476C664622C1DBC300D973F9 /* Generics.swift in Sources */ = {isa = PBXBuildFile; fileRef = 476C664422C1DBC300D973F9 /* Generics.swift */; };
		476C666622C3E34000D973F9 /* SHA1.swift in Sources */ = {isa = PBXBuildFile; fileRef = 476C661B22C1D96E00D973F9 /* SHA1.swift */; };
		479DC54D1DA0B8BB00D9A5E3 /* Date+Extension.swift in Sources */ = {isa = PBXBuildFile; fileRef = 479DC54C1DA0B8BB00D9A5E3 /* Date+Extension.swift */; };
		47D2133A1E4738AB00994B00 /* Initialization.swift in Sources */ = {isa = PBXBuildFile; fileRef = 47D213391E4738AB00994B00 /* Initialization.swift */; };
		47D2133B1E4738AB00994B00 /* Initialization.swift in Sources */ = {isa = PBXBuildFile; fileRef = 47D213391E4738AB00994B00 /* Initialization.swift */; };
		F7B797AC1E43C0FB008A2619 /* InAppReceiptTests.swift in Sources */ = {isa = PBXBuildFile; fileRef = 10738491DC109D48ABBBDEAE /* InAppReceiptTests.swift */; };
/* End PBXBuildFile section */

/* Begin PBXContainerItemProxy section */
		47209A0C1D9E0FD60010BCDE /* PBXContainerItemProxy */ = {
			isa = PBXContainerItemProxy;
			containerPortal = 472099F81D9E0FD60010BCDE /* Project object */;
			proxyType = 1;
			remoteGlobalIDString = 47209A001D9E0FD60010BCDE;
			remoteInfo = TPInAppReceipt;
		};
/* End PBXContainerItemProxy section */

/* Begin PBXFileReference section */
		10738491DC109D48ABBBDEAE /* InAppReceiptTests.swift */ = {isa = PBXFileReference; fileEncoding = 4; lastKnownFileType = sourcecode.swift; path = InAppReceiptTests.swift; sourceTree = "<group>"; };
		47209A011D9E0FD60010BCDE /* TPInAppReceipt.framework */ = {isa = PBXFileReference; explicitFileType = wrapper.framework; includeInIndex = 0; path = TPInAppReceipt.framework; sourceTree = BUILT_PRODUCTS_DIR; };
		47209A041D9E0FD60010BCDE /* TPInAppReceipt.h */ = {isa = PBXFileReference; lastKnownFileType = sourcecode.c.h; path = TPInAppReceipt.h; sourceTree = "<group>"; };
		47209A051D9E0FD60010BCDE /* Info.plist */ = {isa = PBXFileReference; lastKnownFileType = text.plist.xml; path = Info.plist; sourceTree = "<group>"; };
		47209A0A1D9E0FD60010BCDE /* TPInAppReceiptTests.xctest */ = {isa = PBXFileReference; explicitFileType = wrapper.cfbundle; includeInIndex = 0; path = TPInAppReceiptTests.xctest; sourceTree = BUILT_PRODUCTS_DIR; };
		47209A111D9E0FD60010BCDE /* Info.plist */ = {isa = PBXFileReference; lastKnownFileType = text.plist.xml; path = Info.plist; sourceTree = "<group>"; };
		47209ABC1D9E111C0010BCDE /* ASN1Helper.swift */ = {isa = PBXFileReference; fileEncoding = 4; lastKnownFileType = sourcecode.swift; path = ASN1Helper.swift; sourceTree = "<group>"; };
		47209ABD1D9E111C0010BCDE /* Data+Extension.swift */ = {isa = PBXFileReference; fileEncoding = 4; lastKnownFileType = sourcecode.swift; path = "Data+Extension.swift"; sourceTree = "<group>"; };
		47209ABE1D9E111C0010BCDE /* InAppReceipt.swift */ = {isa = PBXFileReference; fileEncoding = 4; lastKnownFileType = sourcecode.swift; path = InAppReceipt.swift; sourceTree = "<group>"; };
		47209AC41D9E112C0010BCDE /* AppleIncRootCertificate.cer */ = {isa = PBXFileReference; lastKnownFileType = file; path = AppleIncRootCertificate.cer; sourceTree = "<group>"; };
		47209ACD1D9E92CC0010BCDE /* TPInAppReceipt.podspec */ = {isa = PBXFileReference; lastKnownFileType = text; path = TPInAppReceipt.podspec; sourceTree = "<group>"; xcLanguageSpecificationIdentifier = xcode.lang.ruby; };
		4728B65822BE3DB900607E5E /* Asn1Coder.swift */ = {isa = PBXFileReference; lastKnownFileType = sourcecode.swift; path = Asn1Coder.swift; sourceTree = "<group>"; };
		47589AE41E319A220047DFCD /* Validation.swift */ = {isa = PBXFileReference; fileEncoding = 4; lastKnownFileType = sourcecode.swift; path = Validation.swift; sourceTree = "<group>"; };
		47589AE61E31AE6F0047DFCD /* PKCS7Helper.swift */ = {isa = PBXFileReference; fileEncoding = 4; lastKnownFileType = sourcecode.swift; path = PKCS7Helper.swift; sourceTree = "<group>"; };
		47589AE81E31B2F90047DFCD /* InAppPurchase.swift */ = {isa = PBXFileReference; fileEncoding = 4; lastKnownFileType = sourcecode.swift; path = InAppPurchase.swift; sourceTree = "<group>"; };
		47589AEA1E32D6BB0047DFCD /* InAppReceiptPayload.swift */ = {isa = PBXFileReference; fileEncoding = 4; lastKnownFileType = sourcecode.swift; path = InAppReceiptPayload.swift; sourceTree = "<group>"; };
		47589AEE1E332D5D0047DFCD /* IARError.swift */ = {isa = PBXFileReference; fileEncoding = 4; lastKnownFileType = sourcecode.swift; path = IARError.swift; sourceTree = "<group>"; };
		47589B531E333F450047DFCD /* TPInAppReceipt.framework */ = {isa = PBXFileReference; explicitFileType = wrapper.framework; includeInIndex = 0; path = TPInAppReceipt.framework; sourceTree = BUILT_PRODUCTS_DIR; };
		47589B551E3342490047DFCD /* DeviceGUIDRetriever.swift */ = {isa = PBXFileReference; fileEncoding = 4; lastKnownFileType = sourcecode.swift; path = DeviceGUIDRetriever.swift; sourceTree = "<group>"; };
		476C64BD22BE6DC100D973F9 /* PKC7.swift */ = {isa = PBXFileReference; lastKnownFileType = sourcecode.swift; path = PKC7.swift; sourceTree = "<group>"; };
		476C64C522BFC76000D973F9 /* main.swift */ = {isa = PBXFileReference; lastKnownFileType = sourcecode.swift; path = main.swift; sourceTree = "<group>"; };
		476C64D322C028D300D973F9 /* ASN1Object.swift */ = {isa = PBXFileReference; lastKnownFileType = sourcecode.swift; path = ASN1Object.swift; sourceTree = "<group>"; };
		476C64D522C028F800D973F9 /* ASN1Object+Helper.swift */ = {isa = PBXFileReference; lastKnownFileType = sourcecode.swift; path = "ASN1Object+Helper.swift"; sourceTree = "<group>"; };
		476C64D722C0298000D973F9 /* ASN1Object+ValueReading.swift */ = {isa = PBXFileReference; lastKnownFileType = sourcecode.swift; path = "ASN1Object+ValueReading.swift"; sourceTree = "<group>"; };
		476C64D922C0330500D973F9 /* ASN1Object+Sequence.swift */ = {isa = PBXFileReference; lastKnownFileType = sourcecode.swift; path = "ASN1Object+Sequence.swift"; sourceTree = "<group>"; };
		476C661B22C1D96E00D973F9 /* SHA1.swift */ = {isa = PBXFileReference; lastKnownFileType = sourcecode.swift; path = SHA1.swift; sourceTree = "<group>"; };
		476C661D22C1DA0100D973F9 /* Utils.swift */ = {isa = PBXFileReference; fileEncoding = 4; lastKnownFileType = sourcecode.swift; path = Utils.swift; sourceTree = "<group>"; };
		476C662022C1DA1700D973F9 /* Updatable.swift */ = {isa = PBXFileReference; fileEncoding = 4; lastKnownFileType = sourcecode.swift; path = Updatable.swift; sourceTree = "<group>"; };
		476C662122C1DA1700D973F9 /* DigestType.swift */ = {isa = PBXFileReference; fileEncoding = 4; lastKnownFileType = sourcecode.swift; path = DigestType.swift; sourceTree = "<group>"; };
		476C662622C1DA2C00D973F9 /* Int+Extension.swift */ = {isa = PBXFileReference; fileEncoding = 4; lastKnownFileType = sourcecode.swift; path = "Int+Extension.swift"; sourceTree = "<group>"; };
		476C662922C1DA4500D973F9 /* BatchedCollection.swift */ = {isa = PBXFileReference; fileEncoding = 4; lastKnownFileType = sourcecode.swift; path = BatchedCollection.swift; sourceTree = "<group>"; };
		476C662C22C1DA9100D973F9 /* UInt16+Extension.swift */ = {isa = PBXFileReference; fileEncoding = 4; lastKnownFileType = sourcecode.swift; path = "UInt16+Extension.swift"; sourceTree = "<group>"; };
		476C662D22C1DA9100D973F9 /* UInt32+Extension.swift */ = {isa = PBXFileReference; fileEncoding = 4; lastKnownFileType = sourcecode.swift; path = "UInt32+Extension.swift"; sourceTree = "<group>"; };
		476C662E22C1DA9100D973F9 /* UInt64+Extension.swift */ = {isa = PBXFileReference; fileEncoding = 4; lastKnownFileType = sourcecode.swift; path = "UInt64+Extension.swift"; sourceTree = "<group>"; };
		476C662F22C1DA9100D973F9 /* UInt8+Extension.swift */ = {isa = PBXFileReference; fileEncoding = 4; lastKnownFileType = sourcecode.swift; path = "UInt8+Extension.swift"; sourceTree = "<group>"; };
		476C663022C1DA9100D973F9 /* String+Extension.swift */ = {isa = PBXFileReference; fileEncoding = 4; lastKnownFileType = sourcecode.swift; path = "String+Extension.swift"; sourceTree = "<group>"; };
		476C663E22C1DAC000D973F9 /* Array+Extension.swift */ = {isa = PBXFileReference; fileEncoding = 4; lastKnownFileType = sourcecode.swift; path = "Array+Extension.swift"; sourceTree = "<group>"; };
		476C664122C1DB6900D973F9 /* Bit.swift */ = {isa = PBXFileReference; fileEncoding = 4; lastKnownFileType = sourcecode.swift; path = Bit.swift; sourceTree = "<group>"; };
		476C664422C1DBC300D973F9 /* Generics.swift */ = {isa = PBXFileReference; fileEncoding = 4; lastKnownFileType = sourcecode.swift; path = Generics.swift; sourceTree = "<group>"; };
		476C665022C3C12900D973F9 /* LICENSE */ = {isa = PBXFileReference; lastKnownFileType = text; path = LICENSE; sourceTree = "<group>"; };
		479DC54C1DA0B8BB00D9A5E3 /* Date+Extension.swift */ = {isa = PBXFileReference; fileEncoding = 4; lastKnownFileType = sourcecode.swift; path = "Date+Extension.swift"; sourceTree = "<group>"; };
		47D213391E4738AB00994B00 /* Initialization.swift */ = {isa = PBXFileReference; fileEncoding = 4; lastKnownFileType = sourcecode.swift; path = Initialization.swift; sourceTree = "<group>"; };
/* End PBXFileReference section */

/* Begin PBXFrameworksBuildPhase section */
		472099FD1D9E0FD60010BCDE /* Frameworks */ = {
			isa = PBXFrameworksBuildPhase;
			buildActionMask = 2147483647;
			files = (
			);
			runOnlyForDeploymentPostprocessing = 0;
		};
		47209A071D9E0FD60010BCDE /* Frameworks */ = {
			isa = PBXFrameworksBuildPhase;
			buildActionMask = 2147483647;
			files = (
				47209A0B1D9E0FD60010BCDE /* TPInAppReceipt.framework in Frameworks */,
			);
			runOnlyForDeploymentPostprocessing = 0;
		};
		47589AFE1E333F450047DFCD /* Frameworks */ = {
			isa = PBXFrameworksBuildPhase;
			buildActionMask = 2147483647;
			files = (
			);
			runOnlyForDeploymentPostprocessing = 0;
		};
/* End PBXFrameworksBuildPhase section */

/* Begin PBXGroup section */
		470D079B203B4FC600F3335F /* Frameworks */ = {
			isa = PBXGroup;
			children = (
			);
			name = Frameworks;
			sourceTree = "<group>";
		};
		472099F71D9E0FD60010BCDE = {
			isa = PBXGroup;
			children = (
				47209ACD1D9E92CC0010BCDE /* TPInAppReceipt.podspec */,
				476C665022C3C12900D973F9 /* LICENSE */,
				47209A031D9E0FD60010BCDE /* TPInAppReceipt */,
				47209A0E1D9E0FD60010BCDE /* TPInAppReceiptTests */,
				476C64C422BFC76000D973F9 /* Example */,
				47209A021D9E0FD60010BCDE /* Products */,
				470D079B203B4FC600F3335F /* Frameworks */,
			);
			sourceTree = "<group>";
		};
		47209A021D9E0FD60010BCDE /* Products */ = {
			isa = PBXGroup;
			children = (
				47209A011D9E0FD60010BCDE /* TPInAppReceipt.framework */,
				47209A0A1D9E0FD60010BCDE /* TPInAppReceiptTests.xctest */,
				47589B531E333F450047DFCD /* TPInAppReceipt.framework */,
			);
			name = Products;
			sourceTree = "<group>";
		};
		47209A031D9E0FD60010BCDE /* TPInAppReceipt */ = {
			isa = PBXGroup;
			children = (
				47209A041D9E0FD60010BCDE /* TPInAppReceipt.h */,
				47209ABB1D9E111C0010BCDE /* Source */,
				476C664822C3101000D973F9 /* Resources */,
			);
			path = TPInAppReceipt;
			sourceTree = "<group>";
		};
		47209A0E1D9E0FD60010BCDE /* TPInAppReceiptTests */ = {
			isa = PBXGroup;
			children = (
				47209A111D9E0FD60010BCDE /* Info.plist */,
				10738491DC109D48ABBBDEAE /* InAppReceiptTests.swift */,
			);
			path = TPInAppReceiptTests;
			sourceTree = "<group>";
		};
		47209A1B1D9E11140010BCDE /* Vendor */ = {
			isa = PBXGroup;
			children = (
				476C661A22C1D95500D973F9 /* CryptoSwift */,
			);
			name = Vendor;
			path = TPInAppReceipt/Source/Vendor;
			sourceTree = SOURCE_ROOT;
		};
		47209ABB1D9E111C0010BCDE /* Source */ = {
			isa = PBXGroup;
			children = (
				47209ABE1D9E111C0010BCDE /* InAppReceipt.swift */,
				47589AEA1E32D6BB0047DFCD /* InAppReceiptPayload.swift */,
				47589AE81E31B2F90047DFCD /* InAppPurchase.swift */,
				47D213391E4738AB00994B00 /* Initialization.swift */,
				47589AE41E319A220047DFCD /* Validation.swift */,
				47589AEE1E332D5D0047DFCD /* IARError.swift */,
				476C664722C30FBC00D973F9 /* Extensions */,
				4728B65722BE3CF800607E5E /* ASN1 */,
				476C64BC22BE6DB300D973F9 /* PKC7 */,
				47209A1B1D9E11140010BCDE /* Vendor */,
			);
			path = Source;
			sourceTree = "<group>";
		};
		4728B65722BE3CF800607E5E /* ASN1 */ = {
			isa = PBXGroup;
			children = (
				4728B65822BE3DB900607E5E /* Asn1Coder.swift */,
				476C64D322C028D300D973F9 /* ASN1Object.swift */,
				476C64D522C028F800D973F9 /* ASN1Object+Helper.swift */,
				476C64D722C0298000D973F9 /* ASN1Object+ValueReading.swift */,
				476C64D922C0330500D973F9 /* ASN1Object+Sequence.swift */,
			);
			name = ASN1;
			sourceTree = "<group>";
		};
		476C64BC22BE6DB300D973F9 /* PKC7 */ = {
			isa = PBXGroup;
			children = (
				476C64BD22BE6DC100D973F9 /* PKC7.swift */,
			);
			name = PKC7;
			sourceTree = "<group>";
		};
		476C64C422BFC76000D973F9 /* Example */ = {
			isa = PBXGroup;
			children = (
				476C64C522BFC76000D973F9 /* main.swift */,
			);
			path = Example;
			sourceTree = "<group>";
		};
		476C661A22C1D95500D973F9 /* CryptoSwift */ = {
			isa = PBXGroup;
			children = (
				476C664422C1DBC300D973F9 /* Generics.swift */,
				476C664122C1DB6900D973F9 /* Bit.swift */,
				476C662922C1DA4500D973F9 /* BatchedCollection.swift */,
				476C662622C1DA2C00D973F9 /* Int+Extension.swift */,
				476C662122C1DA1700D973F9 /* DigestType.swift */,
				476C662022C1DA1700D973F9 /* Updatable.swift */,
				476C661D22C1DA0100D973F9 /* Utils.swift */,
				476C661B22C1D96E00D973F9 /* SHA1.swift */,
				476C663022C1DA9100D973F9 /* String+Extension.swift */,
				476C662F22C1DA9100D973F9 /* UInt8+Extension.swift */,
				476C662C22C1DA9100D973F9 /* UInt16+Extension.swift */,
				476C662D22C1DA9100D973F9 /* UInt32+Extension.swift */,
				476C662E22C1DA9100D973F9 /* UInt64+Extension.swift */,
				476C663E22C1DAC000D973F9 /* Array+Extension.swift */,
			);
			path = CryptoSwift;
			sourceTree = "<group>";
		};
		476C664722C30FBC00D973F9 /* Extensions */ = {
			isa = PBXGroup;
			children = (
				47589B551E3342490047DFCD /* DeviceGUIDRetriever.swift */,
				47209ABD1D9E111C0010BCDE /* Data+Extension.swift */,
				479DC54C1DA0B8BB00D9A5E3 /* Date+Extension.swift */,
				47589AE61E31AE6F0047DFCD /* PKCS7Helper.swift */,
				47209ABC1D9E111C0010BCDE /* ASN1Helper.swift */,
			);
			name = Extensions;
			sourceTree = "<group>";
		};
		476C664822C3101000D973F9 /* Resources */ = {
			isa = PBXGroup;
			children = (
				47209A051D9E0FD60010BCDE /* Info.plist */,
				47209AC41D9E112C0010BCDE /* AppleIncRootCertificate.cer */,
			);
			name = Resources;
			sourceTree = "<group>";
		};
/* End PBXGroup section */

/* Begin PBXHeadersBuildPhase section */
		472099FE1D9E0FD60010BCDE /* Headers */ = {
			isa = PBXHeadersBuildPhase;
			buildActionMask = 2147483647;
			files = (
				47209A121D9E0FD60010BCDE /* TPInAppReceipt.h in Headers */,
			);
			runOnlyForDeploymentPostprocessing = 0;
		};
		47589B011E333F450047DFCD /* Headers */ = {
			isa = PBXHeadersBuildPhase;
			buildActionMask = 2147483647;
			files = (
				47589B391E333F450047DFCD /* TPInAppReceipt.h in Headers */,
			);
			runOnlyForDeploymentPostprocessing = 0;
		};
/* End PBXHeadersBuildPhase section */

/* Begin PBXNativeTarget section */
		47209A001D9E0FD60010BCDE /* TPInAppReceipt iOS */ = {
			isa = PBXNativeTarget;
			buildConfigurationList = 47209A151D9E0FD60010BCDE /* Build configuration list for PBXNativeTarget "TPInAppReceipt iOS" */;
			buildPhases = (
				472099FC1D9E0FD60010BCDE /* Sources */,
				472099FD1D9E0FD60010BCDE /* Frameworks */,
				472099FE1D9E0FD60010BCDE /* Headers */,
				472099FF1D9E0FD60010BCDE /* Resources */,
			);
			buildRules = (
			);
			dependencies = (
			);
			name = "TPInAppReceipt iOS";
			productName = TPInAppReceipt;
			productReference = 47209A011D9E0FD60010BCDE /* TPInAppReceipt.framework */;
			productType = "com.apple.product-type.framework";
		};
		47209A091D9E0FD60010BCDE /* TPInAppReceiptTests */ = {
			isa = PBXNativeTarget;
			buildConfigurationList = 47209A181D9E0FD60010BCDE /* Build configuration list for PBXNativeTarget "TPInAppReceiptTests" */;
			buildPhases = (
				47209A061D9E0FD60010BCDE /* Sources */,
				47209A071D9E0FD60010BCDE /* Frameworks */,
				47209A081D9E0FD60010BCDE /* Resources */,
			);
			buildRules = (
			);
			dependencies = (
				47209A0D1D9E0FD60010BCDE /* PBXTargetDependency */,
			);
			name = TPInAppReceiptTests;
			productName = TPInAppReceiptTests;
			productReference = 47209A0A1D9E0FD60010BCDE /* TPInAppReceiptTests.xctest */;
			productType = "com.apple.product-type.bundle.unit-test";
		};
		47589AF11E333F450047DFCD /* TPInAppReceipt macOS */ = {
			isa = PBXNativeTarget;
			buildConfigurationList = 47589B501E333F450047DFCD /* Build configuration list for PBXNativeTarget "TPInAppReceipt macOS" */;
			buildPhases = (
				47589AF21E333F450047DFCD /* Sources */,
				47589AFE1E333F450047DFCD /* Frameworks */,
				47589B011E333F450047DFCD /* Headers */,
				47589B4E1E333F450047DFCD /* Resources */,
			);
			buildRules = (
			);
			dependencies = (
			);
			name = "TPInAppReceipt macOS";
			productName = TPInAppReceipt;
			productReference = 47589B531E333F450047DFCD /* TPInAppReceipt.framework */;
			productType = "com.apple.product-type.framework";
		};
/* End PBXNativeTarget section */

/* Begin PBXProject section */
		472099F81D9E0FD60010BCDE /* Project object */ = {
			isa = PBXProject;
			attributes = {
				LastSwiftUpdateCheck = 1020;
				LastUpgradeCheck = 1020;
				ORGANIZATIONNAME = "Pavel Tikhonenko";
				TargetAttributes = {
					47209A001D9E0FD60010BCDE = {
						CreatedOnToolsVersion = 8.0;
						LastSwiftMigration = 1020;
						ProvisioningStyle = Automatic;
					};
					47209A091D9E0FD60010BCDE = {
						CreatedOnToolsVersion = 8.0;
						LastSwiftMigration = 1020;
						ProvisioningStyle = Automatic;
					};
					47589AF11E333F450047DFCD = {
						LastSwiftMigration = 1020;
					};
				};
			};
			buildConfigurationList = 472099FB1D9E0FD60010BCDE /* Build configuration list for PBXProject "TPInAppReceipt" */;
			compatibilityVersion = "Xcode 3.2";
			developmentRegion = en;
			hasScannedForEncodings = 0;
			knownRegions = (
				en,
				Base,
			);
			mainGroup = 472099F71D9E0FD60010BCDE;
			productRefGroup = 47209A021D9E0FD60010BCDE /* Products */;
			projectDirPath = "";
			projectRoot = "";
			targets = (
				47209A001D9E0FD60010BCDE /* TPInAppReceipt iOS */,
				47589AF11E333F450047DFCD /* TPInAppReceipt macOS */,
				47209A091D9E0FD60010BCDE /* TPInAppReceiptTests */,
			);
		};
/* End PBXProject section */

/* Begin PBXResourcesBuildPhase section */
		472099FF1D9E0FD60010BCDE /* Resources */ = {
			isa = PBXResourcesBuildPhase;
			buildActionMask = 2147483647;
			files = (
				47209AC51D9E112C0010BCDE /* AppleIncRootCertificate.cer in Resources */,
			);
			runOnlyForDeploymentPostprocessing = 0;
		};
		47209A081D9E0FD60010BCDE /* Resources */ = {
			isa = PBXResourcesBuildPhase;
			buildActionMask = 2147483647;
			files = (
				47209AC61D9E112C0010BCDE /* AppleIncRootCertificate.cer in Resources */,
			);
			runOnlyForDeploymentPostprocessing = 0;
		};
		47589B4E1E333F450047DFCD /* Resources */ = {
			isa = PBXResourcesBuildPhase;
			buildActionMask = 2147483647;
			files = (
				47589B4F1E333F450047DFCD /* AppleIncRootCertificate.cer in Resources */,
			);
			runOnlyForDeploymentPostprocessing = 0;
		};
/* End PBXResourcesBuildPhase section */

/* Begin PBXSourcesBuildPhase section */
		472099FC1D9E0FD60010BCDE /* Sources */ = {
			isa = PBXSourcesBuildPhase;
			buildActionMask = 2147483647;
			files = (
				476C663322C1DA9100D973F9 /* UInt32+Extension.swift in Sources */,
				47589AEB1E32D6BB0047DFCD /* InAppReceiptPayload.swift in Sources */,
				47589AEF1E332D5E0047DFCD /* IARError.swift in Sources */,
				476C64D822C0298000D973F9 /* ASN1Object+ValueReading.swift in Sources */,
				476C64BE22BE6DC100D973F9 /* PKC7.swift in Sources */,
				476C64D422C028D300D973F9 /* ASN1Object.swift in Sources */,
				476C661C22C1D96E00D973F9 /* SHA1.swift in Sources */,
				479DC54D1DA0B8BB00D9A5E3 /* Date+Extension.swift in Sources */,
				476C663522C1DA9100D973F9 /* UInt64+Extension.swift in Sources */,
				476C663F22C1DAC000D973F9 /* Array+Extension.swift in Sources */,
				47D2133A1E4738AB00994B00 /* Initialization.swift in Sources */,
				47589AE91E31B2F90047DFCD /* InAppPurchase.swift in Sources */,
				476C64DA22C0330500D973F9 /* ASN1Object+Sequence.swift in Sources */,
				476C663122C1DA9100D973F9 /* UInt16+Extension.swift in Sources */,
				476C64D622C028F800D973F9 /* ASN1Object+Helper.swift in Sources */,
				476C662422C1DA1700D973F9 /* DigestType.swift in Sources */,
				47209AC01D9E111C0010BCDE /* ASN1Helper.swift in Sources */,
				476C663722C1DA9100D973F9 /* UInt8+Extension.swift in Sources */,
				47209AC11D9E111C0010BCDE /* Data+Extension.swift in Sources */,
				47209AC21D9E111C0010BCDE /* InAppReceipt.swift in Sources */,
				47589AE51E319A220047DFCD /* Validation.swift in Sources */,
				476C662222C1DA1700D973F9 /* Updatable.swift in Sources */,
				476C662A22C1DA4500D973F9 /* BatchedCollection.swift in Sources */,
				476C662722C1DA2C00D973F9 /* Int+Extension.swift in Sources */,
				476C664222C1DB6900D973F9 /* Bit.swift in Sources */,
				476C664522C1DBC300D973F9 /* Generics.swift in Sources */,
				476C661E22C1DA0100D973F9 /* Utils.swift in Sources */,
				47589B561E3342490047DFCD /* DeviceGUIDRetriever.swift in Sources */,
				47589AE71E31AE6F0047DFCD /* PKCS7Helper.swift in Sources */,
				476C663922C1DA9100D973F9 /* String+Extension.swift in Sources */,
				4728B65922BE3DB900607E5E /* Asn1Coder.swift in Sources */,
			);
			runOnlyForDeploymentPostprocessing = 0;
		};
		47209A061D9E0FD60010BCDE /* Sources */ = {
			isa = PBXSourcesBuildPhase;
			buildActionMask = 2147483647;
			files = (
				F7B797AC1E43C0FB008A2619 /* InAppReceiptTests.swift in Sources */,
			);
			runOnlyForDeploymentPostprocessing = 0;
		};
		47589AF21E333F450047DFCD /* Sources */ = {
			isa = PBXSourcesBuildPhase;
			buildActionMask = 2147483647;
			files = (
				476C663222C1DA9100D973F9 /* UInt16+Extension.swift in Sources */,
				476C64CC22BFC94400D973F9 /* ASN1Helper.swift in Sources */,
				476C664622C1DBC300D973F9 /* Generics.swift in Sources */,
				47589AF31E333F450047DFCD /* InAppReceiptPayload.swift in Sources */,
				476C663622C1DA9100D973F9 /* UInt64+Extension.swift in Sources */,
				476C64DD22C0EF1B00D973F9 /* ASN1Object+ValueReading.swift in Sources */,
				476C662522C1DA1700D973F9 /* DigestType.swift in Sources */,
				47589AF41E333F450047DFCD /* IARError.swift in Sources */,
				476C662B22C1DA4500D973F9 /* BatchedCollection.swift in Sources */,
				476C663A22C1DA9100D973F9 /* String+Extension.swift in Sources */,
				476C662822C1DA2C00D973F9 /* Int+Extension.swift in Sources */,
				476C64DB22C0EF1B00D973F9 /* ASN1Object.swift in Sources */,
				476C64CA22BFC93E00D973F9 /* PKC7.swift in Sources */,
				47589AF51E333F450047DFCD /* Date+Extension.swift in Sources */,
				47D2133B1E4738AB00994B00 /* Initialization.swift in Sources */,
				476C64DE22C0EF1B00D973F9 /* ASN1Object+Sequence.swift in Sources */,
				476C64DC22C0EF1B00D973F9 /* ASN1Object+Helper.swift in Sources */,
				47589AF61E333F450047DFCD /* InAppPurchase.swift in Sources */,
				47589B571E3342490047DFCD /* DeviceGUIDRetriever.swift in Sources */,
				476C662322C1DA1700D973F9 /* Updatable.swift in Sources */,
				476C663422C1DA9100D973F9 /* UInt32+Extension.swift in Sources */,
				476C664022C1DAC000D973F9 /* Array+Extension.swift in Sources */,
				47589AF91E333F450047DFCD /* Data+Extension.swift in Sources */,
				47589AFA1E333F450047DFCD /* InAppReceipt.swift in Sources */,
				47589AFB1E333F450047DFCD /* Validation.swift in Sources */,
				476C663822C1DA9100D973F9 /* UInt8+Extension.swift in Sources */,
				476C664322C1DB6900D973F9 /* Bit.swift in Sources */,
				47589AFD1E333F450047DFCD /* PKCS7Helper.swift in Sources */,
				476C666622C3E34000D973F9 /* SHA1.swift in Sources */,
				476C661F22C1DA0200D973F9 /* Utils.swift in Sources */,
				476C64CB22BFC94400D973F9 /* Asn1Coder.swift in Sources */,
			);
			runOnlyForDeploymentPostprocessing = 0;
		};
/* End PBXSourcesBuildPhase section */

/* Begin PBXTargetDependency section */
		47209A0D1D9E0FD60010BCDE /* PBXTargetDependency */ = {
			isa = PBXTargetDependency;
			target = 47209A001D9E0FD60010BCDE /* TPInAppReceipt iOS */;
			targetProxy = 47209A0C1D9E0FD60010BCDE /* PBXContainerItemProxy */;
		};
/* End PBXTargetDependency section */

/* Begin XCBuildConfiguration section */
		47209A131D9E0FD60010BCDE /* Debug */ = {
			isa = XCBuildConfiguration;
			buildSettings = {
				ALWAYS_SEARCH_USER_PATHS = NO;
				CLANG_ANALYZER_LOCALIZABILITY_NONLOCALIZED = YES;
				CLANG_ANALYZER_NONNULL = YES;
				CLANG_CXX_LANGUAGE_STANDARD = "gnu++0x";
				CLANG_CXX_LIBRARY = "libc++";
				CLANG_ENABLE_MODULES = YES;
				CLANG_ENABLE_OBJC_ARC = YES;
				CLANG_WARN_BLOCK_CAPTURE_AUTORELEASING = YES;
				CLANG_WARN_BOOL_CONVERSION = YES;
				CLANG_WARN_COMMA = YES;
				CLANG_WARN_CONSTANT_CONVERSION = YES;
				CLANG_WARN_DEPRECATED_OBJC_IMPLEMENTATIONS = YES;
				CLANG_WARN_DIRECT_OBJC_ISA_USAGE = YES_ERROR;
				CLANG_WARN_DOCUMENTATION_COMMENTS = YES;
				CLANG_WARN_EMPTY_BODY = YES;
				CLANG_WARN_ENUM_CONVERSION = YES;
				CLANG_WARN_INFINITE_RECURSION = YES;
				CLANG_WARN_INT_CONVERSION = YES;
				CLANG_WARN_NON_LITERAL_NULL_CONVERSION = YES;
				CLANG_WARN_OBJC_IMPLICIT_RETAIN_SELF = YES;
				CLANG_WARN_OBJC_LITERAL_CONVERSION = YES;
				CLANG_WARN_OBJC_ROOT_CLASS = YES_ERROR;
				CLANG_WARN_RANGE_LOOP_ANALYSIS = YES;
				CLANG_WARN_STRICT_PROTOTYPES = YES;
				CLANG_WARN_SUSPICIOUS_MOVE = YES;
				CLANG_WARN_SUSPICIOUS_MOVES = YES;
				CLANG_WARN_UNREACHABLE_CODE = YES;
				CLANG_WARN__DUPLICATE_METHOD_MATCH = YES;
				"CODE_SIGN_IDENTITY[sdk=iphoneos*]" = "iPhone Developer";
				COPY_PHASE_STRIP = NO;
				CURRENT_PROJECT_VERSION = 1;
				DEBUG_INFORMATION_FORMAT = dwarf;
				ENABLE_STRICT_OBJC_MSGSEND = YES;
				ENABLE_TESTABILITY = YES;
				GCC_C_LANGUAGE_STANDARD = gnu99;
				GCC_DYNAMIC_NO_PIC = NO;
				GCC_NO_COMMON_BLOCKS = YES;
				GCC_OPTIMIZATION_LEVEL = 0;
				GCC_PREPROCESSOR_DEFINITIONS = (
					"DEBUG=1",
					"$(inherited)",
				);
				GCC_WARN_64_TO_32_BIT_CONVERSION = YES;
				GCC_WARN_ABOUT_RETURN_TYPE = YES_ERROR;
				GCC_WARN_UNDECLARED_SELECTOR = YES;
				GCC_WARN_UNINITIALIZED_AUTOS = YES_AGGRESSIVE;
				GCC_WARN_UNUSED_FUNCTION = YES;
				GCC_WARN_UNUSED_VARIABLE = YES;
				IPHONEOS_DEPLOYMENT_TARGET = 9.0;
				MACOSX_DEPLOYMENT_TARGET = 10.11;
				MTL_ENABLE_DEBUG_INFO = YES;
				ONLY_ACTIVE_ARCH = YES;
				SDKROOT = iphoneos;
				SWIFT_ACTIVE_COMPILATION_CONDITIONS = DEBUG;
				SWIFT_OPTIMIZATION_LEVEL = "-Onone";
				TARGETED_DEVICE_FAMILY = "1,2";
				VERSIONING_SYSTEM = "apple-generic";
				VERSION_INFO_PREFIX = "";
			};
			name = Debug;
		};
		47209A141D9E0FD60010BCDE /* Release */ = {
			isa = XCBuildConfiguration;
			buildSettings = {
				ALWAYS_SEARCH_USER_PATHS = NO;
				CLANG_ANALYZER_LOCALIZABILITY_NONLOCALIZED = YES;
				CLANG_ANALYZER_NONNULL = YES;
				CLANG_CXX_LANGUAGE_STANDARD = "gnu++0x";
				CLANG_CXX_LIBRARY = "libc++";
				CLANG_ENABLE_MODULES = YES;
				CLANG_ENABLE_OBJC_ARC = YES;
				CLANG_WARN_BLOCK_CAPTURE_AUTORELEASING = YES;
				CLANG_WARN_BOOL_CONVERSION = YES;
				CLANG_WARN_COMMA = YES;
				CLANG_WARN_CONSTANT_CONVERSION = YES;
				CLANG_WARN_DEPRECATED_OBJC_IMPLEMENTATIONS = YES;
				CLANG_WARN_DIRECT_OBJC_ISA_USAGE = YES_ERROR;
				CLANG_WARN_DOCUMENTATION_COMMENTS = YES;
				CLANG_WARN_EMPTY_BODY = YES;
				CLANG_WARN_ENUM_CONVERSION = YES;
				CLANG_WARN_INFINITE_RECURSION = YES;
				CLANG_WARN_INT_CONVERSION = YES;
				CLANG_WARN_NON_LITERAL_NULL_CONVERSION = YES;
				CLANG_WARN_OBJC_IMPLICIT_RETAIN_SELF = YES;
				CLANG_WARN_OBJC_LITERAL_CONVERSION = YES;
				CLANG_WARN_OBJC_ROOT_CLASS = YES_ERROR;
				CLANG_WARN_RANGE_LOOP_ANALYSIS = YES;
				CLANG_WARN_STRICT_PROTOTYPES = YES;
				CLANG_WARN_SUSPICIOUS_MOVE = YES;
				CLANG_WARN_SUSPICIOUS_MOVES = YES;
				CLANG_WARN_UNREACHABLE_CODE = YES;
				CLANG_WARN__DUPLICATE_METHOD_MATCH = YES;
				"CODE_SIGN_IDENTITY[sdk=iphoneos*]" = "iPhone Developer";
				COPY_PHASE_STRIP = NO;
				CURRENT_PROJECT_VERSION = 1;
				DEBUG_INFORMATION_FORMAT = "dwarf-with-dsym";
				ENABLE_NS_ASSERTIONS = NO;
				ENABLE_STRICT_OBJC_MSGSEND = YES;
				GCC_C_LANGUAGE_STANDARD = gnu99;
				GCC_NO_COMMON_BLOCKS = YES;
				GCC_WARN_64_TO_32_BIT_CONVERSION = YES;
				GCC_WARN_ABOUT_RETURN_TYPE = YES_ERROR;
				GCC_WARN_UNDECLARED_SELECTOR = YES;
				GCC_WARN_UNINITIALIZED_AUTOS = YES_AGGRESSIVE;
				GCC_WARN_UNUSED_FUNCTION = YES;
				GCC_WARN_UNUSED_VARIABLE = YES;
				IPHONEOS_DEPLOYMENT_TARGET = 9.0;
				MACOSX_DEPLOYMENT_TARGET = 10.11;
				MTL_ENABLE_DEBUG_INFO = NO;
				SDKROOT = iphoneos;
				SWIFT_OPTIMIZATION_LEVEL = "-Owholemodule";
				TARGETED_DEVICE_FAMILY = "1,2";
				VALIDATE_PRODUCT = YES;
				VERSIONING_SYSTEM = "apple-generic";
				VERSION_INFO_PREFIX = "";
			};
			name = Release;
		};
		47209A161D9E0FD60010BCDE /* Debug */ = {
			isa = XCBuildConfiguration;
			buildSettings = {
				CLANG_ENABLE_MODULES = YES;
				CODE_SIGN_IDENTITY = "";
				DEFINES_MODULE = YES;
				DYLIB_COMPATIBILITY_VERSION = 1;
				DYLIB_CURRENT_VERSION = 1;
				DYLIB_INSTALL_NAME_BASE = "@rpath";
				FRAMEWORK_SEARCH_PATHS = "$(inherited)";
				HEADER_SEARCH_PATHS = "";
				INFOPLIST_FILE = TPInAppReceipt/Info.plist;
				INSTALL_PATH = "$(LOCAL_LIBRARY_DIR)/Frameworks";
				LD_RUNPATH_SEARCH_PATHS = "$(inherited) @executable_path/Frameworks @loader_path/Frameworks";
				LIBRARY_SEARCH_PATHS = "$(inherited)";
				PRODUCT_BUNDLE_IDENTIFIER = com.tikhop.TPInAppReceipt;
				PRODUCT_NAME = TPInAppReceipt;
				SKIP_INSTALL = YES;
				SWIFT_INCLUDE_PATHS = "";
				SWIFT_OPTIMIZATION_LEVEL = "-Onone";
				SWIFT_VERSION = 5.0;
			};
			name = Debug;
		};
		47209A171D9E0FD60010BCDE /* Release */ = {
			isa = XCBuildConfiguration;
			buildSettings = {
				CLANG_ENABLE_MODULES = YES;
				CODE_SIGN_IDENTITY = "";
				DEFINES_MODULE = YES;
				DYLIB_COMPATIBILITY_VERSION = 1;
				DYLIB_CURRENT_VERSION = 1;
				DYLIB_INSTALL_NAME_BASE = "@rpath";
				FRAMEWORK_SEARCH_PATHS = "$(inherited)";
				HEADER_SEARCH_PATHS = "";
				INFOPLIST_FILE = TPInAppReceipt/Info.plist;
				INSTALL_PATH = "$(LOCAL_LIBRARY_DIR)/Frameworks";
				LD_RUNPATH_SEARCH_PATHS = "$(inherited) @executable_path/Frameworks @loader_path/Frameworks";
				LIBRARY_SEARCH_PATHS = "$(inherited)";
				PRODUCT_BUNDLE_IDENTIFIER = com.tikhop.TPInAppReceipt;
				PRODUCT_NAME = TPInAppReceipt;
				SKIP_INSTALL = YES;
				SWIFT_INCLUDE_PATHS = "";
				SWIFT_VERSION = 5.0;
			};
			name = Release;
		};
		47209A191D9E0FD60010BCDE /* Debug */ = {
			isa = XCBuildConfiguration;
			buildSettings = {
				ALWAYS_EMBED_SWIFT_STANDARD_LIBRARIES = YES;
				INFOPLIST_FILE = TPInAppReceiptTests/Info.plist;
				LD_RUNPATH_SEARCH_PATHS = "$(inherited) @executable_path/Frameworks @loader_path/Frameworks";
				PRODUCT_BUNDLE_IDENTIFIER = com.tikhop.TPInAppReceiptTests;
				PRODUCT_NAME = "$(TARGET_NAME)";
				SWIFT_VERSION = 5.0;
			};
			name = Debug;
		};
		47209A1A1D9E0FD60010BCDE /* Release */ = {
			isa = XCBuildConfiguration;
			buildSettings = {
				ALWAYS_EMBED_SWIFT_STANDARD_LIBRARIES = YES;
				INFOPLIST_FILE = TPInAppReceiptTests/Info.plist;
				LD_RUNPATH_SEARCH_PATHS = "$(inherited) @executable_path/Frameworks @loader_path/Frameworks";
				PRODUCT_BUNDLE_IDENTIFIER = com.tikhop.TPInAppReceiptTests;
				PRODUCT_NAME = "$(TARGET_NAME)";
				SWIFT_VERSION = 5.0;
			};
			name = Release;
		};
		47589B511E333F450047DFCD /* Debug */ = {
			isa = XCBuildConfiguration;
			buildSettings = {
				CLANG_ENABLE_MODULES = YES;
				CODE_SIGN_IDENTITY = "";
				DEFINES_MODULE = YES;
				DYLIB_COMPATIBILITY_VERSION = 1;
				DYLIB_CURRENT_VERSION = 1;
				DYLIB_INSTALL_NAME_BASE = "@rpath";
				HEADER_SEARCH_PATHS = "";
				INFOPLIST_FILE = "$(SRCROOT)/TPInAppReceipt/Info.plist";
				INSTALL_PATH = "$(LOCAL_LIBRARY_DIR)/Frameworks";
				LD_RUNPATH_SEARCH_PATHS = "$(inherited) @executable_path/Frameworks @loader_path/Frameworks";
				LIBRARY_SEARCH_PATHS = "$(inherited)";
				MACH_O_TYPE = mh_dylib;
				PRODUCT_BUNDLE_IDENTIFIER = com.tikhop.TPInAppReceipt;
				PRODUCT_NAME = TPInAppReceipt;
				SDKROOT = macosx;
				SKIP_INSTALL = YES;
				SWIFT_INCLUDE_PATHS = "";
				SWIFT_OPTIMIZATION_LEVEL = "-Onone";
				SWIFT_VERSION = 5.0;
			};
			name = Debug;
		};
		47589B521E333F450047DFCD /* Release */ = {
			isa = XCBuildConfiguration;
			buildSettings = {
				CLANG_ENABLE_MODULES = YES;
				CODE_SIGN_IDENTITY = "";
				DEFINES_MODULE = YES;
				DYLIB_COMPATIBILITY_VERSION = 1;
				DYLIB_CURRENT_VERSION = 1;
				DYLIB_INSTALL_NAME_BASE = "@rpath";
				HEADER_SEARCH_PATHS = "";
				INFOPLIST_FILE = "$(SRCROOT)/TPInAppReceipt/Info.plist";
				INSTALL_PATH = "$(LOCAL_LIBRARY_DIR)/Frameworks";
				LD_RUNPATH_SEARCH_PATHS = "$(inherited) @executable_path/Frameworks @loader_path/Frameworks";
				LIBRARY_SEARCH_PATHS = "$(inherited)";
				MACH_O_TYPE = mh_dylib;
				PRODUCT_BUNDLE_IDENTIFIER = com.tikhop.TPInAppReceipt;
				PRODUCT_NAME = TPInAppReceipt;
				SDKROOT = macosx;
				SKIP_INSTALL = YES;
				SWIFT_INCLUDE_PATHS = "";
				SWIFT_VERSION = 5.0;
			};
			name = Release;
		};
/* End XCBuildConfiguration section */

/* Begin XCConfigurationList section */
		472099FB1D9E0FD60010BCDE /* Build configuration list for PBXProject "TPInAppReceipt" */ = {
			isa = XCConfigurationList;
			buildConfigurations = (
				47209A131D9E0FD60010BCDE /* Debug */,
				47209A141D9E0FD60010BCDE /* Release */,
			);
			defaultConfigurationIsVisible = 0;
			defaultConfigurationName = Release;
		};
		47209A151D9E0FD60010BCDE /* Build configuration list for PBXNativeTarget "TPInAppReceipt iOS" */ = {
			isa = XCConfigurationList;
			buildConfigurations = (
				47209A161D9E0FD60010BCDE /* Debug */,
				47209A171D9E0FD60010BCDE /* Release */,
			);
			defaultConfigurationIsVisible = 0;
			defaultConfigurationName = Release;
		};
		47209A181D9E0FD60010BCDE /* Build configuration list for PBXNativeTarget "TPInAppReceiptTests" */ = {
			isa = XCConfigurationList;
			buildConfigurations = (
				47209A191D9E0FD60010BCDE /* Debug */,
				47209A1A1D9E0FD60010BCDE /* Release */,
			);
			defaultConfigurationIsVisible = 0;
			defaultConfigurationName = Release;
		};
		47589B501E333F450047DFCD /* Build configuration list for PBXNativeTarget "TPInAppReceipt macOS" */ = {
			isa = XCConfigurationList;
			buildConfigurations = (
				47589B511E333F450047DFCD /* Debug */,
				47589B521E333F450047DFCD /* Release */,
			);
			defaultConfigurationIsVisible = 0;
			defaultConfigurationName = Release;
		};
/* End XCConfigurationList section */
	};
	rootObject = 472099F81D9E0FD60010BCDE /* Project object */;
}
