// !$*UTF8*$!
{
	archiveVersion = 1;
	classes = {
	};
	objectVersion = 46;
	objects = {

/* Begin PBXBuildFile section */
		472099A51D9DEC690010BCDE /* ASN1Helper.swift in Sources */ = {isa = PBXBuildFile; fileRef = 472099A41D9DEC690010BCDE /* ASN1Helper.swift */; };
		472099C61D9E0C8D0010BCDE /* TPReceiptValidator.podspec in Resources */ = {isa = PBXBuildFile; fileRef = 472099C51D9E0C8D0010BCDE /* TPReceiptValidator.podspec */; };
		479FD2DB1D9C82B200E43871 /* TPReceiptValidator.h in Headers */ = {isa = PBXBuildFile; fileRef = 479FD2D91D9C82B200E43871 /* TPReceiptValidator.h */; settings = {ATTRIBUTES = (Public, ); }; };
		479FD47B1D9CE05400E43871 /* aes.h in Headers */ = {isa = PBXBuildFile; fileRef = 479FD42B1D9CE05400E43871 /* aes.h */; };
		479FD47C1D9CE05400E43871 /* asn1.h in Headers */ = {isa = PBXBuildFile; fileRef = 479FD42C1D9CE05400E43871 /* asn1.h */; };
		479FD47D1D9CE05400E43871 /* asn1_mac.h in Headers */ = {isa = PBXBuildFile; fileRef = 479FD42D1D9CE05400E43871 /* asn1_mac.h */; };
		479FD47E1D9CE05400E43871 /* asn1t.h in Headers */ = {isa = PBXBuildFile; fileRef = 479FD42E1D9CE05400E43871 /* asn1t.h */; };
		479FD47F1D9CE05400E43871 /* bio.h in Headers */ = {isa = PBXBuildFile; fileRef = 479FD42F1D9CE05400E43871 /* bio.h */; };
		479FD4801D9CE05400E43871 /* blowfish.h in Headers */ = {isa = PBXBuildFile; fileRef = 479FD4301D9CE05400E43871 /* blowfish.h */; };
		479FD4811D9CE05400E43871 /* bn.h in Headers */ = {isa = PBXBuildFile; fileRef = 479FD4311D9CE05400E43871 /* bn.h */; };
		479FD4821D9CE05400E43871 /* buffer.h in Headers */ = {isa = PBXBuildFile; fileRef = 479FD4321D9CE05400E43871 /* buffer.h */; };
		479FD4831D9CE05400E43871 /* camellia.h in Headers */ = {isa = PBXBuildFile; fileRef = 479FD4331D9CE05400E43871 /* camellia.h */; };
		479FD4841D9CE05400E43871 /* cast.h in Headers */ = {isa = PBXBuildFile; fileRef = 479FD4341D9CE05400E43871 /* cast.h */; };
		479FD4851D9CE05400E43871 /* cmac.h in Headers */ = {isa = PBXBuildFile; fileRef = 479FD4351D9CE05400E43871 /* cmac.h */; };
		479FD4861D9CE05400E43871 /* cms.h in Headers */ = {isa = PBXBuildFile; fileRef = 479FD4361D9CE05400E43871 /* cms.h */; };
		479FD4871D9CE05400E43871 /* comp.h in Headers */ = {isa = PBXBuildFile; fileRef = 479FD4371D9CE05400E43871 /* comp.h */; };
		479FD4881D9CE05400E43871 /* conf.h in Headers */ = {isa = PBXBuildFile; fileRef = 479FD4381D9CE05400E43871 /* conf.h */; };
		479FD4891D9CE05400E43871 /* conf_api.h in Headers */ = {isa = PBXBuildFile; fileRef = 479FD4391D9CE05400E43871 /* conf_api.h */; };
		479FD48A1D9CE05400E43871 /* crypto.h in Headers */ = {isa = PBXBuildFile; fileRef = 479FD43A1D9CE05400E43871 /* crypto.h */; };
		479FD48B1D9CE05400E43871 /* des.h in Headers */ = {isa = PBXBuildFile; fileRef = 479FD43B1D9CE05400E43871 /* des.h */; };
		479FD48C1D9CE05400E43871 /* des_old.h in Headers */ = {isa = PBXBuildFile; fileRef = 479FD43C1D9CE05400E43871 /* des_old.h */; };
		479FD48D1D9CE05400E43871 /* dh.h in Headers */ = {isa = PBXBuildFile; fileRef = 479FD43D1D9CE05400E43871 /* dh.h */; };
		479FD48E1D9CE05400E43871 /* dsa.h in Headers */ = {isa = PBXBuildFile; fileRef = 479FD43E1D9CE05400E43871 /* dsa.h */; };
		479FD48F1D9CE05400E43871 /* dso.h in Headers */ = {isa = PBXBuildFile; fileRef = 479FD43F1D9CE05400E43871 /* dso.h */; };
		479FD4901D9CE05400E43871 /* dtls1.h in Headers */ = {isa = PBXBuildFile; fileRef = 479FD4401D9CE05400E43871 /* dtls1.h */; };
		479FD4911D9CE05400E43871 /* e_os2.h in Headers */ = {isa = PBXBuildFile; fileRef = 479FD4411D9CE05400E43871 /* e_os2.h */; };
		479FD4921D9CE05400E43871 /* ebcdic.h in Headers */ = {isa = PBXBuildFile; fileRef = 479FD4421D9CE05400E43871 /* ebcdic.h */; };
		479FD4931D9CE05400E43871 /* ec.h in Headers */ = {isa = PBXBuildFile; fileRef = 479FD4431D9CE05400E43871 /* ec.h */; };
		479FD4941D9CE05400E43871 /* ecdh.h in Headers */ = {isa = PBXBuildFile; fileRef = 479FD4441D9CE05400E43871 /* ecdh.h */; };
		479FD4951D9CE05400E43871 /* ecdsa.h in Headers */ = {isa = PBXBuildFile; fileRef = 479FD4451D9CE05400E43871 /* ecdsa.h */; };
		479FD4961D9CE05400E43871 /* engine.h in Headers */ = {isa = PBXBuildFile; fileRef = 479FD4461D9CE05400E43871 /* engine.h */; };
		479FD4971D9CE05400E43871 /* err.h in Headers */ = {isa = PBXBuildFile; fileRef = 479FD4471D9CE05400E43871 /* err.h */; };
		479FD4981D9CE05400E43871 /* evp.h in Headers */ = {isa = PBXBuildFile; fileRef = 479FD4481D9CE05400E43871 /* evp.h */; };
		479FD4991D9CE05400E43871 /* hmac.h in Headers */ = {isa = PBXBuildFile; fileRef = 479FD4491D9CE05400E43871 /* hmac.h */; };
		479FD49A1D9CE05400E43871 /* idea.h in Headers */ = {isa = PBXBuildFile; fileRef = 479FD44A1D9CE05400E43871 /* idea.h */; };
		479FD49B1D9CE05400E43871 /* krb5_asn.h in Headers */ = {isa = PBXBuildFile; fileRef = 479FD44B1D9CE05400E43871 /* krb5_asn.h */; };
		479FD49C1D9CE05400E43871 /* kssl.h in Headers */ = {isa = PBXBuildFile; fileRef = 479FD44C1D9CE05400E43871 /* kssl.h */; };
		479FD49D1D9CE05400E43871 /* lhash.h in Headers */ = {isa = PBXBuildFile; fileRef = 479FD44D1D9CE05400E43871 /* lhash.h */; };
		479FD49E1D9CE05400E43871 /* md4.h in Headers */ = {isa = PBXBuildFile; fileRef = 479FD44E1D9CE05400E43871 /* md4.h */; };
		479FD49F1D9CE05400E43871 /* md5.h in Headers */ = {isa = PBXBuildFile; fileRef = 479FD44F1D9CE05400E43871 /* md5.h */; };
		479FD4A01D9CE05400E43871 /* mdc2.h in Headers */ = {isa = PBXBuildFile; fileRef = 479FD4501D9CE05400E43871 /* mdc2.h */; };
		479FD4A11D9CE05400E43871 /* modes.h in Headers */ = {isa = PBXBuildFile; fileRef = 479FD4511D9CE05400E43871 /* modes.h */; };
		479FD4A21D9CE05400E43871 /* obj_mac.h in Headers */ = {isa = PBXBuildFile; fileRef = 479FD4521D9CE05400E43871 /* obj_mac.h */; };
		479FD4A31D9CE05400E43871 /* objects.h in Headers */ = {isa = PBXBuildFile; fileRef = 479FD4531D9CE05400E43871 /* objects.h */; };
		479FD4A41D9CE05400E43871 /* ocsp.h in Headers */ = {isa = PBXBuildFile; fileRef = 479FD4541D9CE05400E43871 /* ocsp.h */; };
		479FD4A51D9CE05400E43871 /* opensslconf.h in Headers */ = {isa = PBXBuildFile; fileRef = 479FD4551D9CE05400E43871 /* opensslconf.h */; };
		479FD4A61D9CE05400E43871 /* opensslv.h in Headers */ = {isa = PBXBuildFile; fileRef = 479FD4561D9CE05400E43871 /* opensslv.h */; };
		479FD4A71D9CE05400E43871 /* ossl_typ.h in Headers */ = {isa = PBXBuildFile; fileRef = 479FD4571D9CE05400E43871 /* ossl_typ.h */; };
		479FD4A81D9CE05400E43871 /* pem.h in Headers */ = {isa = PBXBuildFile; fileRef = 479FD4581D9CE05400E43871 /* pem.h */; };
		479FD4A91D9CE05400E43871 /* pem2.h in Headers */ = {isa = PBXBuildFile; fileRef = 479FD4591D9CE05400E43871 /* pem2.h */; };
		479FD4AA1D9CE05400E43871 /* pkcs12.h in Headers */ = {isa = PBXBuildFile; fileRef = 479FD45A1D9CE05400E43871 /* pkcs12.h */; };
		479FD4AB1D9CE05400E43871 /* pkcs7.h in Headers */ = {isa = PBXBuildFile; fileRef = 479FD45B1D9CE05400E43871 /* pkcs7.h */; };
		479FD4AC1D9CE05400E43871 /* pqueue.h in Headers */ = {isa = PBXBuildFile; fileRef = 479FD45C1D9CE05400E43871 /* pqueue.h */; };
		479FD4AD1D9CE05400E43871 /* rand.h in Headers */ = {isa = PBXBuildFile; fileRef = 479FD45D1D9CE05400E43871 /* rand.h */; };
		479FD4AE1D9CE05400E43871 /* rc2.h in Headers */ = {isa = PBXBuildFile; fileRef = 479FD45E1D9CE05400E43871 /* rc2.h */; };
		479FD4AF1D9CE05400E43871 /* rc4.h in Headers */ = {isa = PBXBuildFile; fileRef = 479FD45F1D9CE05400E43871 /* rc4.h */; };
		479FD4B01D9CE05400E43871 /* ripemd.h in Headers */ = {isa = PBXBuildFile; fileRef = 479FD4601D9CE05400E43871 /* ripemd.h */; };
		479FD4B11D9CE05400E43871 /* rsa.h in Headers */ = {isa = PBXBuildFile; fileRef = 479FD4611D9CE05400E43871 /* rsa.h */; };
		479FD4B21D9CE05400E43871 /* safestack.h in Headers */ = {isa = PBXBuildFile; fileRef = 479FD4621D9CE05400E43871 /* safestack.h */; };
		479FD4B31D9CE05400E43871 /* seed.h in Headers */ = {isa = PBXBuildFile; fileRef = 479FD4631D9CE05400E43871 /* seed.h */; };
		479FD4B41D9CE05400E43871 /* sha.h in Headers */ = {isa = PBXBuildFile; fileRef = 479FD4641D9CE05400E43871 /* sha.h */; };
		479FD4B51D9CE05400E43871 /* srp.h in Headers */ = {isa = PBXBuildFile; fileRef = 479FD4651D9CE05400E43871 /* srp.h */; };
		479FD4B61D9CE05400E43871 /* srtp.h in Headers */ = {isa = PBXBuildFile; fileRef = 479FD4661D9CE05400E43871 /* srtp.h */; };
		479FD4B71D9CE05400E43871 /* ssl.h in Headers */ = {isa = PBXBuildFile; fileRef = 479FD4671D9CE05400E43871 /* ssl.h */; };
		479FD4B81D9CE05400E43871 /* ssl2.h in Headers */ = {isa = PBXBuildFile; fileRef = 479FD4681D9CE05400E43871 /* ssl2.h */; };
		479FD4B91D9CE05400E43871 /* ssl23.h in Headers */ = {isa = PBXBuildFile; fileRef = 479FD4691D9CE05400E43871 /* ssl23.h */; };
		479FD4BA1D9CE05400E43871 /* ssl3.h in Headers */ = {isa = PBXBuildFile; fileRef = 479FD46A1D9CE05400E43871 /* ssl3.h */; };
		479FD4BB1D9CE05400E43871 /* stack.h in Headers */ = {isa = PBXBuildFile; fileRef = 479FD46B1D9CE05400E43871 /* stack.h */; };
		479FD4BC1D9CE05500E43871 /* symhacks.h in Headers */ = {isa = PBXBuildFile; fileRef = 479FD46C1D9CE05400E43871 /* symhacks.h */; };
		479FD4BD1D9CE05500E43871 /* tls1.h in Headers */ = {isa = PBXBuildFile; fileRef = 479FD46D1D9CE05400E43871 /* tls1.h */; };
		479FD4BE1D9CE05500E43871 /* ts.h in Headers */ = {isa = PBXBuildFile; fileRef = 479FD46E1D9CE05400E43871 /* ts.h */; };
		479FD4BF1D9CE05500E43871 /* txt_db.h in Headers */ = {isa = PBXBuildFile; fileRef = 479FD46F1D9CE05400E43871 /* txt_db.h */; };
		479FD4C01D9CE05500E43871 /* ui.h in Headers */ = {isa = PBXBuildFile; fileRef = 479FD4701D9CE05400E43871 /* ui.h */; };
		479FD4C11D9CE05500E43871 /* ui_compat.h in Headers */ = {isa = PBXBuildFile; fileRef = 479FD4711D9CE05400E43871 /* ui_compat.h */; };
		479FD4C21D9CE05500E43871 /* whrlpool.h in Headers */ = {isa = PBXBuildFile; fileRef = 479FD4721D9CE05400E43871 /* whrlpool.h */; };
		479FD4C31D9CE05500E43871 /* x509.h in Headers */ = {isa = PBXBuildFile; fileRef = 479FD4731D9CE05400E43871 /* x509.h */; };
		479FD4C41D9CE05500E43871 /* x509_vfy.h in Headers */ = {isa = PBXBuildFile; fileRef = 479FD4741D9CE05400E43871 /* x509_vfy.h */; };
		479FD4C51D9CE05500E43871 /* x509v3.h in Headers */ = {isa = PBXBuildFile; fileRef = 479FD4751D9CE05400E43871 /* x509v3.h */; };
		479FD4C61D9CE05500E43871 /* libcrypto.a in Frameworks */ = {isa = PBXBuildFile; fileRef = 479FD4771D9CE05400E43871 /* libcrypto.a */; };
		479FD4C71D9CE05500E43871 /* libssl.a in Frameworks */ = {isa = PBXBuildFile; fileRef = 479FD4781D9CE05400E43871 /* libssl.a */; };
		479FD4C81D9CE05500E43871 /* TPReceiptValidator-Swift.h in Headers */ = {isa = PBXBuildFile; fileRef = 479FD47A1D9CE05400E43871 /* TPReceiptValidator-Swift.h */; };
		479FD4CA1D9CF05800E43871 /* InAppReceipt.swift in Sources */ = {isa = PBXBuildFile; fileRef = 479FD4C91D9CF05800E43871 /* InAppReceipt.swift */; };
		479FD4CC1D9CF24800E43871 /* InAppReceiptManager.swift in Sources */ = {isa = PBXBuildFile; fileRef = 479FD4CB1D9CF24800E43871 /* InAppReceiptManager.swift */; };
		479FD4CE1D9CF3AA00E43871 /* AppleIncRootCertificate.cer in Resources */ = {isa = PBXBuildFile; fileRef = 479FD4CD1D9CF3AA00E43871 /* AppleIncRootCertificate.cer */; };
		479FD4D01D9D000100E43871 /* Data+Extension.swift in Sources */ = {isa = PBXBuildFile; fileRef = 479FD4CF1D9D000100E43871 /* Data+Extension.swift */; };
/* End PBXBuildFile section */

/* Begin PBXFileReference section */
		472099A41D9DEC690010BCDE /* ASN1Helper.swift */ = {isa = PBXFileReference; fileEncoding = 4; lastKnownFileType = sourcecode.swift; name = ASN1Helper.swift; path = Source/ASN1Helper.swift; sourceTree = "<group>"; };
		472099C51D9E0C8D0010BCDE /* TPReceiptValidator.podspec */ = {isa = PBXFileReference; fileEncoding = 4; lastKnownFileType = text; path = TPReceiptValidator.podspec; sourceTree = SOURCE_ROOT; };
		479FD2D61D9C82B200E43871 /* TPReceiptValidator.framework */ = {isa = PBXFileReference; explicitFileType = wrapper.framework; includeInIndex = 0; path = TPReceiptValidator.framework; sourceTree = BUILT_PRODUCTS_DIR; };
		479FD2D91D9C82B200E43871 /* TPReceiptValidator.h */ = {isa = PBXFileReference; lastKnownFileType = sourcecode.c.h; path = TPReceiptValidator.h; sourceTree = "<group>"; };
		479FD2DA1D9C82B200E43871 /* Info.plist */ = {isa = PBXFileReference; lastKnownFileType = text.plist.xml; path = Info.plist; sourceTree = "<group>"; };
		479FD42B1D9CE05400E43871 /* aes.h */ = {isa = PBXFileReference; fileEncoding = 4; lastKnownFileType = sourcecode.c.h; path = aes.h; sourceTree = "<group>"; };
		479FD42C1D9CE05400E43871 /* asn1.h */ = {isa = PBXFileReference; fileEncoding = 4; lastKnownFileType = sourcecode.c.h; path = asn1.h; sourceTree = "<group>"; };
		479FD42D1D9CE05400E43871 /* asn1_mac.h */ = {isa = PBXFileReference; fileEncoding = 4; lastKnownFileType = sourcecode.c.h; path = asn1_mac.h; sourceTree = "<group>"; };
		479FD42E1D9CE05400E43871 /* asn1t.h */ = {isa = PBXFileReference; fileEncoding = 4; lastKnownFileType = sourcecode.c.h; path = asn1t.h; sourceTree = "<group>"; };
		479FD42F1D9CE05400E43871 /* bio.h */ = {isa = PBXFileReference; fileEncoding = 4; lastKnownFileType = sourcecode.c.h; path = bio.h; sourceTree = "<group>"; };
		479FD4301D9CE05400E43871 /* blowfish.h */ = {isa = PBXFileReference; fileEncoding = 4; lastKnownFileType = sourcecode.c.h; path = blowfish.h; sourceTree = "<group>"; };
		479FD4311D9CE05400E43871 /* bn.h */ = {isa = PBXFileReference; fileEncoding = 4; lastKnownFileType = sourcecode.c.h; path = bn.h; sourceTree = "<group>"; };
		479FD4321D9CE05400E43871 /* buffer.h */ = {isa = PBXFileReference; fileEncoding = 4; lastKnownFileType = sourcecode.c.h; path = buffer.h; sourceTree = "<group>"; };
		479FD4331D9CE05400E43871 /* camellia.h */ = {isa = PBXFileReference; fileEncoding = 4; lastKnownFileType = sourcecode.c.h; path = camellia.h; sourceTree = "<group>"; };
		479FD4341D9CE05400E43871 /* cast.h */ = {isa = PBXFileReference; fileEncoding = 4; lastKnownFileType = sourcecode.c.h; path = cast.h; sourceTree = "<group>"; };
		479FD4351D9CE05400E43871 /* cmac.h */ = {isa = PBXFileReference; fileEncoding = 4; lastKnownFileType = sourcecode.c.h; path = cmac.h; sourceTree = "<group>"; };
		479FD4361D9CE05400E43871 /* cms.h */ = {isa = PBXFileReference; fileEncoding = 4; lastKnownFileType = sourcecode.c.h; path = cms.h; sourceTree = "<group>"; };
		479FD4371D9CE05400E43871 /* comp.h */ = {isa = PBXFileReference; fileEncoding = 4; lastKnownFileType = sourcecode.c.h; path = comp.h; sourceTree = "<group>"; };
		479FD4381D9CE05400E43871 /* conf.h */ = {isa = PBXFileReference; fileEncoding = 4; lastKnownFileType = sourcecode.c.h; path = conf.h; sourceTree = "<group>"; };
		479FD4391D9CE05400E43871 /* conf_api.h */ = {isa = PBXFileReference; fileEncoding = 4; lastKnownFileType = sourcecode.c.h; path = conf_api.h; sourceTree = "<group>"; };
		479FD43A1D9CE05400E43871 /* crypto.h */ = {isa = PBXFileReference; fileEncoding = 4; lastKnownFileType = sourcecode.c.h; path = crypto.h; sourceTree = "<group>"; };
		479FD43B1D9CE05400E43871 /* des.h */ = {isa = PBXFileReference; fileEncoding = 4; lastKnownFileType = sourcecode.c.h; path = des.h; sourceTree = "<group>"; };
		479FD43C1D9CE05400E43871 /* des_old.h */ = {isa = PBXFileReference; fileEncoding = 4; lastKnownFileType = sourcecode.c.h; path = des_old.h; sourceTree = "<group>"; };
		479FD43D1D9CE05400E43871 /* dh.h */ = {isa = PBXFileReference; fileEncoding = 4; lastKnownFileType = sourcecode.c.h; path = dh.h; sourceTree = "<group>"; };
		479FD43E1D9CE05400E43871 /* dsa.h */ = {isa = PBXFileReference; fileEncoding = 4; lastKnownFileType = sourcecode.c.h; path = dsa.h; sourceTree = "<group>"; };
		479FD43F1D9CE05400E43871 /* dso.h */ = {isa = PBXFileReference; fileEncoding = 4; lastKnownFileType = sourcecode.c.h; path = dso.h; sourceTree = "<group>"; };
		479FD4401D9CE05400E43871 /* dtls1.h */ = {isa = PBXFileReference; fileEncoding = 4; lastKnownFileType = sourcecode.c.h; path = dtls1.h; sourceTree = "<group>"; };
		479FD4411D9CE05400E43871 /* e_os2.h */ = {isa = PBXFileReference; fileEncoding = 4; lastKnownFileType = sourcecode.c.h; path = e_os2.h; sourceTree = "<group>"; };
		479FD4421D9CE05400E43871 /* ebcdic.h */ = {isa = PBXFileReference; fileEncoding = 4; lastKnownFileType = sourcecode.c.h; path = ebcdic.h; sourceTree = "<group>"; };
		479FD4431D9CE05400E43871 /* ec.h */ = {isa = PBXFileReference; fileEncoding = 4; lastKnownFileType = sourcecode.c.h; path = ec.h; sourceTree = "<group>"; };
		479FD4441D9CE05400E43871 /* ecdh.h */ = {isa = PBXFileReference; fileEncoding = 4; lastKnownFileType = sourcecode.c.h; path = ecdh.h; sourceTree = "<group>"; };
		479FD4451D9CE05400E43871 /* ecdsa.h */ = {isa = PBXFileReference; fileEncoding = 4; lastKnownFileType = sourcecode.c.h; path = ecdsa.h; sourceTree = "<group>"; };
		479FD4461D9CE05400E43871 /* engine.h */ = {isa = PBXFileReference; fileEncoding = 4; lastKnownFileType = sourcecode.c.h; path = engine.h; sourceTree = "<group>"; };
		479FD4471D9CE05400E43871 /* err.h */ = {isa = PBXFileReference; fileEncoding = 4; lastKnownFileType = sourcecode.c.h; path = err.h; sourceTree = "<group>"; };
		479FD4481D9CE05400E43871 /* evp.h */ = {isa = PBXFileReference; fileEncoding = 4; lastKnownFileType = sourcecode.c.h; path = evp.h; sourceTree = "<group>"; };
		479FD4491D9CE05400E43871 /* hmac.h */ = {isa = PBXFileReference; fileEncoding = 4; lastKnownFileType = sourcecode.c.h; path = hmac.h; sourceTree = "<group>"; };
		479FD44A1D9CE05400E43871 /* idea.h */ = {isa = PBXFileReference; fileEncoding = 4; lastKnownFileType = sourcecode.c.h; path = idea.h; sourceTree = "<group>"; };
		479FD44B1D9CE05400E43871 /* krb5_asn.h */ = {isa = PBXFileReference; fileEncoding = 4; lastKnownFileType = sourcecode.c.h; path = krb5_asn.h; sourceTree = "<group>"; };
		479FD44C1D9CE05400E43871 /* kssl.h */ = {isa = PBXFileReference; fileEncoding = 4; lastKnownFileType = sourcecode.c.h; path = kssl.h; sourceTree = "<group>"; };
		479FD44D1D9CE05400E43871 /* lhash.h */ = {isa = PBXFileReference; fileEncoding = 4; lastKnownFileType = sourcecode.c.h; path = lhash.h; sourceTree = "<group>"; };
		479FD44E1D9CE05400E43871 /* md4.h */ = {isa = PBXFileReference; fileEncoding = 4; lastKnownFileType = sourcecode.c.h; path = md4.h; sourceTree = "<group>"; };
		479FD44F1D9CE05400E43871 /* md5.h */ = {isa = PBXFileReference; fileEncoding = 4; lastKnownFileType = sourcecode.c.h; path = md5.h; sourceTree = "<group>"; };
		479FD4501D9CE05400E43871 /* mdc2.h */ = {isa = PBXFileReference; fileEncoding = 4; lastKnownFileType = sourcecode.c.h; path = mdc2.h; sourceTree = "<group>"; };
		479FD4511D9CE05400E43871 /* modes.h */ = {isa = PBXFileReference; fileEncoding = 4; lastKnownFileType = sourcecode.c.h; path = modes.h; sourceTree = "<group>"; };
		479FD4521D9CE05400E43871 /* obj_mac.h */ = {isa = PBXFileReference; fileEncoding = 4; lastKnownFileType = sourcecode.c.h; path = obj_mac.h; sourceTree = "<group>"; };
		479FD4531D9CE05400E43871 /* objects.h */ = {isa = PBXFileReference; fileEncoding = 4; lastKnownFileType = sourcecode.c.h; path = objects.h; sourceTree = "<group>"; };
		479FD4541D9CE05400E43871 /* ocsp.h */ = {isa = PBXFileReference; fileEncoding = 4; lastKnownFileType = sourcecode.c.h; path = ocsp.h; sourceTree = "<group>"; };
		479FD4551D9CE05400E43871 /* opensslconf.h */ = {isa = PBXFileReference; fileEncoding = 4; lastKnownFileType = sourcecode.c.h; path = opensslconf.h; sourceTree = "<group>"; };
		479FD4561D9CE05400E43871 /* opensslv.h */ = {isa = PBXFileReference; fileEncoding = 4; lastKnownFileType = sourcecode.c.h; path = opensslv.h; sourceTree = "<group>"; };
		479FD4571D9CE05400E43871 /* ossl_typ.h */ = {isa = PBXFileReference; fileEncoding = 4; lastKnownFileType = sourcecode.c.h; path = ossl_typ.h; sourceTree = "<group>"; };
		479FD4581D9CE05400E43871 /* pem.h */ = {isa = PBXFileReference; fileEncoding = 4; lastKnownFileType = sourcecode.c.h; path = pem.h; sourceTree = "<group>"; };
		479FD4591D9CE05400E43871 /* pem2.h */ = {isa = PBXFileReference; fileEncoding = 4; lastKnownFileType = sourcecode.c.h; path = pem2.h; sourceTree = "<group>"; };
		479FD45A1D9CE05400E43871 /* pkcs12.h */ = {isa = PBXFileReference; fileEncoding = 4; lastKnownFileType = sourcecode.c.h; path = pkcs12.h; sourceTree = "<group>"; };
		479FD45B1D9CE05400E43871 /* pkcs7.h */ = {isa = PBXFileReference; fileEncoding = 4; lastKnownFileType = sourcecode.c.h; path = pkcs7.h; sourceTree = "<group>"; };
		479FD45C1D9CE05400E43871 /* pqueue.h */ = {isa = PBXFileReference; fileEncoding = 4; lastKnownFileType = sourcecode.c.h; path = pqueue.h; sourceTree = "<group>"; };
		479FD45D1D9CE05400E43871 /* rand.h */ = {isa = PBXFileReference; fileEncoding = 4; lastKnownFileType = sourcecode.c.h; path = rand.h; sourceTree = "<group>"; };
		479FD45E1D9CE05400E43871 /* rc2.h */ = {isa = PBXFileReference; fileEncoding = 4; lastKnownFileType = sourcecode.c.h; path = rc2.h; sourceTree = "<group>"; };
		479FD45F1D9CE05400E43871 /* rc4.h */ = {isa = PBXFileReference; fileEncoding = 4; lastKnownFileType = sourcecode.c.h; path = rc4.h; sourceTree = "<group>"; };
		479FD4601D9CE05400E43871 /* ripemd.h */ = {isa = PBXFileReference; fileEncoding = 4; lastKnownFileType = sourcecode.c.h; path = ripemd.h; sourceTree = "<group>"; };
		479FD4611D9CE05400E43871 /* rsa.h */ = {isa = PBXFileReference; fileEncoding = 4; lastKnownFileType = sourcecode.c.h; path = rsa.h; sourceTree = "<group>"; };
		479FD4621D9CE05400E43871 /* safestack.h */ = {isa = PBXFileReference; fileEncoding = 4; lastKnownFileType = sourcecode.c.h; path = safestack.h; sourceTree = "<group>"; };
		479FD4631D9CE05400E43871 /* seed.h */ = {isa = PBXFileReference; fileEncoding = 4; lastKnownFileType = sourcecode.c.h; path = seed.h; sourceTree = "<group>"; };
		479FD4641D9CE05400E43871 /* sha.h */ = {isa = PBXFileReference; fileEncoding = 4; lastKnownFileType = sourcecode.c.h; path = sha.h; sourceTree = "<group>"; };
		479FD4651D9CE05400E43871 /* srp.h */ = {isa = PBXFileReference; fileEncoding = 4; lastKnownFileType = sourcecode.c.h; path = srp.h; sourceTree = "<group>"; };
		479FD4661D9CE05400E43871 /* srtp.h */ = {isa = PBXFileReference; fileEncoding = 4; lastKnownFileType = sourcecode.c.h; path = srtp.h; sourceTree = "<group>"; };
		479FD4671D9CE05400E43871 /* ssl.h */ = {isa = PBXFileReference; fileEncoding = 4; lastKnownFileType = sourcecode.c.h; path = ssl.h; sourceTree = "<group>"; };
		479FD4681D9CE05400E43871 /* ssl2.h */ = {isa = PBXFileReference; fileEncoding = 4; lastKnownFileType = sourcecode.c.h; path = ssl2.h; sourceTree = "<group>"; };
		479FD4691D9CE05400E43871 /* ssl23.h */ = {isa = PBXFileReference; fileEncoding = 4; lastKnownFileType = sourcecode.c.h; path = ssl23.h; sourceTree = "<group>"; };
		479FD46A1D9CE05400E43871 /* ssl3.h */ = {isa = PBXFileReference; fileEncoding = 4; lastKnownFileType = sourcecode.c.h; path = ssl3.h; sourceTree = "<group>"; };
		479FD46B1D9CE05400E43871 /* stack.h */ = {isa = PBXFileReference; fileEncoding = 4; lastKnownFileType = sourcecode.c.h; path = stack.h; sourceTree = "<group>"; };
		479FD46C1D9CE05400E43871 /* symhacks.h */ = {isa = PBXFileReference; fileEncoding = 4; lastKnownFileType = sourcecode.c.h; path = symhacks.h; sourceTree = "<group>"; };
		479FD46D1D9CE05400E43871 /* tls1.h */ = {isa = PBXFileReference; fileEncoding = 4; lastKnownFileType = sourcecode.c.h; path = tls1.h; sourceTree = "<group>"; };
		479FD46E1D9CE05400E43871 /* ts.h */ = {isa = PBXFileReference; fileEncoding = 4; lastKnownFileType = sourcecode.c.h; path = ts.h; sourceTree = "<group>"; };
		479FD46F1D9CE05400E43871 /* txt_db.h */ = {isa = PBXFileReference; fileEncoding = 4; lastKnownFileType = sourcecode.c.h; path = txt_db.h; sourceTree = "<group>"; };
		479FD4701D9CE05400E43871 /* ui.h */ = {isa = PBXFileReference; fileEncoding = 4; lastKnownFileType = sourcecode.c.h; path = ui.h; sourceTree = "<group>"; };
		479FD4711D9CE05400E43871 /* ui_compat.h */ = {isa = PBXFileReference; fileEncoding = 4; lastKnownFileType = sourcecode.c.h; path = ui_compat.h; sourceTree = "<group>"; };
		479FD4721D9CE05400E43871 /* whrlpool.h */ = {isa = PBXFileReference; fileEncoding = 4; lastKnownFileType = sourcecode.c.h; path = whrlpool.h; sourceTree = "<group>"; };
		479FD4731D9CE05400E43871 /* x509.h */ = {isa = PBXFileReference; fileEncoding = 4; lastKnownFileType = sourcecode.c.h; path = x509.h; sourceTree = "<group>"; };
		479FD4741D9CE05400E43871 /* x509_vfy.h */ = {isa = PBXFileReference; fileEncoding = 4; lastKnownFileType = sourcecode.c.h; path = x509_vfy.h; sourceTree = "<group>"; };
		479FD4751D9CE05400E43871 /* x509v3.h */ = {isa = PBXFileReference; fileEncoding = 4; lastKnownFileType = sourcecode.c.h; path = x509v3.h; sourceTree = "<group>"; };
		479FD4771D9CE05400E43871 /* libcrypto.a */ = {isa = PBXFileReference; lastKnownFileType = archive.ar; path = libcrypto.a; sourceTree = "<group>"; };
		479FD4781D9CE05400E43871 /* libssl.a */ = {isa = PBXFileReference; lastKnownFileType = archive.ar; path = libssl.a; sourceTree = "<group>"; };
		479FD4791D9CE05400E43871 /* module.modulemap */ = {isa = PBXFileReference; fileEncoding = 4; lastKnownFileType = "sourcecode.module-map"; path = module.modulemap; sourceTree = "<group>"; };
		479FD47A1D9CE05400E43871 /* TPReceiptValidator-Swift.h */ = {isa = PBXFileReference; fileEncoding = 4; lastKnownFileType = sourcecode.c.h; path = "TPReceiptValidator-Swift.h"; sourceTree = "<group>"; };
		479FD4C91D9CF05800E43871 /* InAppReceipt.swift */ = {isa = PBXFileReference; fileEncoding = 4; lastKnownFileType = sourcecode.swift; name = InAppReceipt.swift; path = Source/InAppReceipt.swift; sourceTree = "<group>"; };
		479FD4CB1D9CF24800E43871 /* InAppReceiptManager.swift */ = {isa = PBXFileReference; fileEncoding = 4; lastKnownFileType = sourcecode.swift; name = InAppReceiptManager.swift; path = Source/InAppReceiptManager.swift; sourceTree = "<group>"; };
		479FD4CD1D9CF3AA00E43871 /* AppleIncRootCertificate.cer */ = {isa = PBXFileReference; lastKnownFileType = file; path = AppleIncRootCertificate.cer; sourceTree = "<group>"; };
		479FD4CF1D9D000100E43871 /* Data+Extension.swift */ = {isa = PBXFileReference; fileEncoding = 4; lastKnownFileType = sourcecode.swift; name = "Data+Extension.swift"; path = "Source/Data+Extension.swift"; sourceTree = "<group>"; };
/* End PBXFileReference section */

/* Begin PBXFrameworksBuildPhase section */
		479FD2D21D9C82B200E43871 /* Frameworks */ = {
			isa = PBXFrameworksBuildPhase;
			buildActionMask = 2147483647;
			files = (
				479FD4C71D9CE05500E43871 /* libssl.a in Frameworks */,
				479FD4C61D9CE05500E43871 /* libcrypto.a in Frameworks */,
			);
			runOnlyForDeploymentPostprocessing = 0;
		};
/* End PBXFrameworksBuildPhase section */

/* Begin PBXGroup section */
		479FD2CC1D9C82B200E43871 = {
			isa = PBXGroup;
			children = (
				479FD2D81D9C82B200E43871 /* TPReceiptValidator */,
				479FD2D71D9C82B200E43871 /* Products */,
			);
			sourceTree = "<group>";
		};
		479FD2D71D9C82B200E43871 /* Products */ = {
			isa = PBXGroup;
			children = (
				479FD2D61D9C82B200E43871 /* TPReceiptValidator.framework */,
			);
			name = Products;
			sourceTree = "<group>";
		};
		479FD2D81D9C82B200E43871 /* TPReceiptValidator */ = {
			isa = PBXGroup;
			children = (
				472099C51D9E0C8D0010BCDE /* TPReceiptValidator.podspec */,
				479FD4CD1D9CF3AA00E43871 /* AppleIncRootCertificate.cer */,
				479FD4281D9CE05400E43871 /* openssl */,
				479FD3801D9CCDC200E43871 /* Source */,
				479FD2D91D9C82B200E43871 /* TPReceiptValidator.h */,
				479FD2DA1D9C82B200E43871 /* Info.plist */,
			);
			path = TPReceiptValidator;
			sourceTree = "<group>";
		};
		479FD3801D9CCDC200E43871 /* Source */ = {
			isa = PBXGroup;
			children = (
				479FD4C91D9CF05800E43871 /* InAppReceipt.swift */,
				479FD4CB1D9CF24800E43871 /* InAppReceiptManager.swift */,
				479FD4CF1D9D000100E43871 /* Data+Extension.swift */,
				472099A41D9DEC690010BCDE /* ASN1Helper.swift */,
			);
			name = Source;
			sourceTree = "<group>";
		};
		479FD4281D9CE05400E43871 /* openssl */ = {
			isa = PBXGroup;
			children = (
				479FD4291D9CE05400E43871 /* include */,
				479FD4761D9CE05400E43871 /* lib */,
				479FD4791D9CE05400E43871 /* module.modulemap */,
				479FD47A1D9CE05400E43871 /* TPReceiptValidator-Swift.h */,
			);
			path = openssl;
			sourceTree = "<group>";
		};
		479FD4291D9CE05400E43871 /* include */ = {
			isa = PBXGroup;
			children = (
				479FD42A1D9CE05400E43871 /* openssl */,
			);
			path = include;
			sourceTree = "<group>";
		};
		479FD42A1D9CE05400E43871 /* openssl */ = {
			isa = PBXGroup;
			children = (
				479FD42B1D9CE05400E43871 /* aes.h */,
				479FD42C1D9CE05400E43871 /* asn1.h */,
				479FD42D1D9CE05400E43871 /* asn1_mac.h */,
				479FD42E1D9CE05400E43871 /* asn1t.h */,
				479FD42F1D9CE05400E43871 /* bio.h */,
				479FD4301D9CE05400E43871 /* blowfish.h */,
				479FD4311D9CE05400E43871 /* bn.h */,
				479FD4321D9CE05400E43871 /* buffer.h */,
				479FD4331D9CE05400E43871 /* camellia.h */,
				479FD4341D9CE05400E43871 /* cast.h */,
				479FD4351D9CE05400E43871 /* cmac.h */,
				479FD4361D9CE05400E43871 /* cms.h */,
				479FD4371D9CE05400E43871 /* comp.h */,
				479FD4381D9CE05400E43871 /* conf.h */,
				479FD4391D9CE05400E43871 /* conf_api.h */,
				479FD43A1D9CE05400E43871 /* crypto.h */,
				479FD43B1D9CE05400E43871 /* des.h */,
				479FD43C1D9CE05400E43871 /* des_old.h */,
				479FD43D1D9CE05400E43871 /* dh.h */,
				479FD43E1D9CE05400E43871 /* dsa.h */,
				479FD43F1D9CE05400E43871 /* dso.h */,
				479FD4401D9CE05400E43871 /* dtls1.h */,
				479FD4411D9CE05400E43871 /* e_os2.h */,
				479FD4421D9CE05400E43871 /* ebcdic.h */,
				479FD4431D9CE05400E43871 /* ec.h */,
				479FD4441D9CE05400E43871 /* ecdh.h */,
				479FD4451D9CE05400E43871 /* ecdsa.h */,
				479FD4461D9CE05400E43871 /* engine.h */,
				479FD4471D9CE05400E43871 /* err.h */,
				479FD4481D9CE05400E43871 /* evp.h */,
				479FD4491D9CE05400E43871 /* hmac.h */,
				479FD44A1D9CE05400E43871 /* idea.h */,
				479FD44B1D9CE05400E43871 /* krb5_asn.h */,
				479FD44C1D9CE05400E43871 /* kssl.h */,
				479FD44D1D9CE05400E43871 /* lhash.h */,
				479FD44E1D9CE05400E43871 /* md4.h */,
				479FD44F1D9CE05400E43871 /* md5.h */,
				479FD4501D9CE05400E43871 /* mdc2.h */,
				479FD4511D9CE05400E43871 /* modes.h */,
				479FD4521D9CE05400E43871 /* obj_mac.h */,
				479FD4531D9CE05400E43871 /* objects.h */,
				479FD4541D9CE05400E43871 /* ocsp.h */,
				479FD4551D9CE05400E43871 /* opensslconf.h */,
				479FD4561D9CE05400E43871 /* opensslv.h */,
				479FD4571D9CE05400E43871 /* ossl_typ.h */,
				479FD4581D9CE05400E43871 /* pem.h */,
				479FD4591D9CE05400E43871 /* pem2.h */,
				479FD45A1D9CE05400E43871 /* pkcs12.h */,
				479FD45B1D9CE05400E43871 /* pkcs7.h */,
				479FD45C1D9CE05400E43871 /* pqueue.h */,
				479FD45D1D9CE05400E43871 /* rand.h */,
				479FD45E1D9CE05400E43871 /* rc2.h */,
				479FD45F1D9CE05400E43871 /* rc4.h */,
				479FD4601D9CE05400E43871 /* ripemd.h */,
				479FD4611D9CE05400E43871 /* rsa.h */,
				479FD4621D9CE05400E43871 /* safestack.h */,
				479FD4631D9CE05400E43871 /* seed.h */,
				479FD4641D9CE05400E43871 /* sha.h */,
				479FD4651D9CE05400E43871 /* srp.h */,
				479FD4661D9CE05400E43871 /* srtp.h */,
				479FD4671D9CE05400E43871 /* ssl.h */,
				479FD4681D9CE05400E43871 /* ssl2.h */,
				479FD4691D9CE05400E43871 /* ssl23.h */,
				479FD46A1D9CE05400E43871 /* ssl3.h */,
				479FD46B1D9CE05400E43871 /* stack.h */,
				479FD46C1D9CE05400E43871 /* symhacks.h */,
				479FD46D1D9CE05400E43871 /* tls1.h */,
				479FD46E1D9CE05400E43871 /* ts.h */,
				479FD46F1D9CE05400E43871 /* txt_db.h */,
				479FD4701D9CE05400E43871 /* ui.h */,
				479FD4711D9CE05400E43871 /* ui_compat.h */,
				479FD4721D9CE05400E43871 /* whrlpool.h */,
				479FD4731D9CE05400E43871 /* x509.h */,
				479FD4741D9CE05400E43871 /* x509_vfy.h */,
				479FD4751D9CE05400E43871 /* x509v3.h */,
			);
			path = openssl;
			sourceTree = "<group>";
		};
		479FD4761D9CE05400E43871 /* lib */ = {
			isa = PBXGroup;
			children = (
				479FD4771D9CE05400E43871 /* libcrypto.a */,
				479FD4781D9CE05400E43871 /* libssl.a */,
			);
			path = lib;
			sourceTree = "<group>";
		};
/* End PBXGroup section */

/* Begin PBXHeadersBuildPhase section */
		479FD2D31D9C82B200E43871 /* Headers */ = {
			isa = PBXHeadersBuildPhase;
			buildActionMask = 2147483647;
			files = (
				479FD4BA1D9CE05400E43871 /* ssl3.h in Headers */,
				479FD4A91D9CE05400E43871 /* pem2.h in Headers */,
				479FD4A01D9CE05400E43871 /* mdc2.h in Headers */,
				479FD4BB1D9CE05400E43871 /* stack.h in Headers */,
				479FD4971D9CE05400E43871 /* err.h in Headers */,
				479FD4AB1D9CE05400E43871 /* pkcs7.h in Headers */,
				479FD47E1D9CE05400E43871 /* asn1t.h in Headers */,
				479FD4C01D9CE05500E43871 /* ui.h in Headers */,
				479FD47C1D9CE05400E43871 /* asn1.h in Headers */,
				479FD4821D9CE05400E43871 /* buffer.h in Headers */,
				479FD4C31D9CE05500E43871 /* x509.h in Headers */,
				479FD4A61D9CE05400E43871 /* opensslv.h in Headers */,
				479FD48A1D9CE05400E43871 /* crypto.h in Headers */,
				479FD49C1D9CE05400E43871 /* kssl.h in Headers */,
				479FD4841D9CE05400E43871 /* cast.h in Headers */,
				479FD4B71D9CE05400E43871 /* ssl.h in Headers */,
				479FD4811D9CE05400E43871 /* bn.h in Headers */,
				479FD4AF1D9CE05400E43871 /* rc4.h in Headers */,
				479FD4BD1D9CE05500E43871 /* tls1.h in Headers */,
				479FD4831D9CE05400E43871 /* camellia.h in Headers */,
				479FD4AD1D9CE05400E43871 /* rand.h in Headers */,
				479FD48C1D9CE05400E43871 /* des_old.h in Headers */,
				479FD4C41D9CE05500E43871 /* x509_vfy.h in Headers */,
				479FD4AA1D9CE05400E43871 /* pkcs12.h in Headers */,
				479FD4981D9CE05400E43871 /* evp.h in Headers */,
				479FD4961D9CE05400E43871 /* engine.h in Headers */,
				479FD4B91D9CE05400E43871 /* ssl23.h in Headers */,
				479FD4A11D9CE05400E43871 /* modes.h in Headers */,
				479FD49A1D9CE05400E43871 /* idea.h in Headers */,
				479FD4C51D9CE05500E43871 /* x509v3.h in Headers */,
				479FD4801D9CE05400E43871 /* blowfish.h in Headers */,
				479FD47B1D9CE05400E43871 /* aes.h in Headers */,
				479FD4851D9CE05400E43871 /* cmac.h in Headers */,
				479FD4BF1D9CE05500E43871 /* txt_db.h in Headers */,
				479FD48F1D9CE05400E43871 /* dso.h in Headers */,
				479FD4A31D9CE05400E43871 /* objects.h in Headers */,
				479FD4901D9CE05400E43871 /* dtls1.h in Headers */,
				479FD4861D9CE05400E43871 /* cms.h in Headers */,
				479FD48E1D9CE05400E43871 /* dsa.h in Headers */,
				479FD4B81D9CE05400E43871 /* ssl2.h in Headers */,
				479FD4C81D9CE05500E43871 /* TPReceiptValidator-Swift.h in Headers */,
				479FD4B01D9CE05400E43871 /* ripemd.h in Headers */,
				479FD4BE1D9CE05500E43871 /* ts.h in Headers */,
				479FD4881D9CE05400E43871 /* conf.h in Headers */,
				479FD49D1D9CE05400E43871 /* lhash.h in Headers */,
				479FD4A21D9CE05400E43871 /* obj_mac.h in Headers */,
				479FD4C11D9CE05500E43871 /* ui_compat.h in Headers */,
				479FD4B11D9CE05400E43871 /* rsa.h in Headers */,
				479FD4931D9CE05400E43871 /* ec.h in Headers */,
				479FD4951D9CE05400E43871 /* ecdsa.h in Headers */,
				479FD4991D9CE05400E43871 /* hmac.h in Headers */,
				479FD4B31D9CE05400E43871 /* seed.h in Headers */,
				479FD4C21D9CE05500E43871 /* whrlpool.h in Headers */,
				479FD47F1D9CE05400E43871 /* bio.h in Headers */,
				479FD4921D9CE05400E43871 /* ebcdic.h in Headers */,
				479FD48D1D9CE05400E43871 /* dh.h in Headers */,
				479FD2DB1D9C82B200E43871 /* TPReceiptValidator.h in Headers */,
				479FD47D1D9CE05400E43871 /* asn1_mac.h in Headers */,
				479FD48B1D9CE05400E43871 /* des.h in Headers */,
				479FD49B1D9CE05400E43871 /* krb5_asn.h in Headers */,
				479FD4AC1D9CE05400E43871 /* pqueue.h in Headers */,
				479FD4AE1D9CE05400E43871 /* rc2.h in Headers */,
				479FD4A71D9CE05400E43871 /* ossl_typ.h in Headers */,
				479FD4B61D9CE05400E43871 /* srtp.h in Headers */,
				479FD4B51D9CE05400E43871 /* srp.h in Headers */,
				479FD4911D9CE05400E43871 /* e_os2.h in Headers */,
				479FD4A51D9CE05400E43871 /* opensslconf.h in Headers */,
				479FD49E1D9CE05400E43871 /* md4.h in Headers */,
				479FD4941D9CE05400E43871 /* ecdh.h in Headers */,
				479FD4871D9CE05400E43871 /* comp.h in Headers */,
				479FD4B21D9CE05400E43871 /* safestack.h in Headers */,
				479FD4BC1D9CE05500E43871 /* symhacks.h in Headers */,
				479FD4891D9CE05400E43871 /* conf_api.h in Headers */,
				479FD4A41D9CE05400E43871 /* ocsp.h in Headers */,
				479FD4B41D9CE05400E43871 /* sha.h in Headers */,
				479FD4A81D9CE05400E43871 /* pem.h in Headers */,
				479FD49F1D9CE05400E43871 /* md5.h in Headers */,
			);
			runOnlyForDeploymentPostprocessing = 0;
		};
/* End PBXHeadersBuildPhase section */

/* Begin PBXNativeTarget section */
		479FD2D51D9C82B200E43871 /* TPReceiptValidator */ = {
			isa = PBXNativeTarget;
			buildConfigurationList = 479FD2DE1D9C82B200E43871 /* Build configuration list for PBXNativeTarget "TPReceiptValidator" */;
			buildPhases = (
				479FD2D11D9C82B200E43871 /* Sources */,
				479FD2D21D9C82B200E43871 /* Frameworks */,
				479FD2D31D9C82B200E43871 /* Headers */,
				479FD2D41D9C82B200E43871 /* Resources */,
			);
			buildRules = (
			);
			dependencies = (
			);
			name = TPReceiptValidator;
			productName = TPReceiptValidator;
			productReference = 479FD2D61D9C82B200E43871 /* TPReceiptValidator.framework */;
			productType = "com.apple.product-type.framework";
		};
/* End PBXNativeTarget section */

/* Begin PBXProject section */
		479FD2CD1D9C82B200E43871 /* Project object */ = {
			isa = PBXProject;
			attributes = {
				LastUpgradeCheck = 0800;
				ORGANIZATIONNAME = "Pavel Tikhonenko";
				TargetAttributes = {
					479FD2D51D9C82B200E43871 = {
						CreatedOnToolsVersion = 8.0;
						LastSwiftMigration = 0800;
						ProvisioningStyle = Automatic;
					};
				};
			};
			buildConfigurationList = 479FD2D01D9C82B200E43871 /* Build configuration list for PBXProject "TPReceiptValidator" */;
			compatibilityVersion = "Xcode 3.2";
			developmentRegion = English;
			hasScannedForEncodings = 0;
			knownRegions = (
				en,
			);
			mainGroup = 479FD2CC1D9C82B200E43871;
			productRefGroup = 479FD2D71D9C82B200E43871 /* Products */;
			projectDirPath = "";
			projectRoot = "";
			targets = (
				479FD2D51D9C82B200E43871 /* TPReceiptValidator */,
			);
		};
/* End PBXProject section */

/* Begin PBXResourcesBuildPhase section */
		479FD2D41D9C82B200E43871 /* Resources */ = {
			isa = PBXResourcesBuildPhase;
			buildActionMask = 2147483647;
			files = (
				472099C61D9E0C8D0010BCDE /* TPReceiptValidator.podspec in Resources */,
				479FD4CE1D9CF3AA00E43871 /* AppleIncRootCertificate.cer in Resources */,
			);
			runOnlyForDeploymentPostprocessing = 0;
		};
/* End PBXResourcesBuildPhase section */

/* Begin PBXSourcesBuildPhase section */
		479FD2D11D9C82B200E43871 /* Sources */ = {
			isa = PBXSourcesBuildPhase;
			buildActionMask = 2147483647;
			files = (
				479FD4CC1D9CF24800E43871 /* InAppReceiptManager.swift in Sources */,
				479FD4D01D9D000100E43871 /* Data+Extension.swift in Sources */,
				472099A51D9DEC690010BCDE /* ASN1Helper.swift in Sources */,
				479FD4CA1D9CF05800E43871 /* InAppReceipt.swift in Sources */,
			);
			runOnlyForDeploymentPostprocessing = 0;
		};
/* End PBXSourcesBuildPhase section */

/* Begin XCBuildConfiguration section */
		479FD2DC1D9C82B200E43871 /* Debug */ = {
			isa = XCBuildConfiguration;
			buildSettings = {
				ALWAYS_SEARCH_USER_PATHS = NO;
				CLANG_ALLOW_NON_MODULAR_INCLUDES_IN_FRAMEWORK_MODULES = YES;
				CLANG_ANALYZER_NONNULL = YES;
				CLANG_CXX_LANGUAGE_STANDARD = "gnu++0x";
				CLANG_CXX_LIBRARY = "libc++";
				CLANG_ENABLE_MODULES = YES;
				CLANG_ENABLE_OBJC_ARC = YES;
				CLANG_WARN_BOOL_CONVERSION = YES;
				CLANG_WARN_CONSTANT_CONVERSION = YES;
				CLANG_WARN_DIRECT_OBJC_ISA_USAGE = YES_ERROR;
				CLANG_WARN_DOCUMENTATION_COMMENTS = YES;
				CLANG_WARN_EMPTY_BODY = YES;
				CLANG_WARN_ENUM_CONVERSION = YES;
				CLANG_WARN_INFINITE_RECURSION = YES;
				CLANG_WARN_INT_CONVERSION = YES;
				CLANG_WARN_OBJC_ROOT_CLASS = YES_ERROR;
				CLANG_WARN_SUSPICIOUS_MOVES = YES;
				CLANG_WARN_UNREACHABLE_CODE = YES;
				CLANG_WARN__DUPLICATE_METHOD_MATCH = YES;
				"CODE_SIGN_IDENTITY[sdk=iphoneos*]" = "iPhone Developer";
				COPY_PHASE_STRIP = NO;
				CURRENT_PROJECT_VERSION = 1;
				DEBUG_INFORMATION_FORMAT = dwarf;
				ENABLE_STRICT_OBJC_MSGSEND = YES;
				ENABLE_TESTABILITY = YES;
				GCC_C_LANGUAGE_STANDARD = gnu99;
				GCC_DYNAMIC_NO_PIC = NO;
				GCC_NO_COMMON_BLOCKS = YES;
				GCC_OPTIMIZATION_LEVEL = 0;
				GCC_PREPROCESSOR_DEFINITIONS = (
					"DEBUG=1",
					"$(inherited)",
				);
				GCC_WARN_64_TO_32_BIT_CONVERSION = YES;
				GCC_WARN_ABOUT_RETURN_TYPE = YES_ERROR;
				GCC_WARN_UNDECLARED_SELECTOR = YES;
				GCC_WARN_UNINITIALIZED_AUTOS = YES_AGGRESSIVE;
				GCC_WARN_UNUSED_FUNCTION = YES;
				GCC_WARN_UNUSED_VARIABLE = YES;
				IPHONEOS_DEPLOYMENT_TARGET = 10.0;
				MTL_ENABLE_DEBUG_INFO = YES;
				ONLY_ACTIVE_ARCH = YES;
				SDKROOT = iphoneos;
				SWIFT_ACTIVE_COMPILATION_CONDITIONS = DEBUG;
				SWIFT_OPTIMIZATION_LEVEL = "-Onone";
				TARGETED_DEVICE_FAMILY = "1,2";
				VERSIONING_SYSTEM = "apple-generic";
				VERSION_INFO_PREFIX = "";
			};
			name = Debug;
		};
		479FD2DD1D9C82B200E43871 /* Release */ = {
			isa = XCBuildConfiguration;
			buildSettings = {
				ALWAYS_SEARCH_USER_PATHS = NO;
				CLANG_ALLOW_NON_MODULAR_INCLUDES_IN_FRAMEWORK_MODULES = YES;
				CLANG_ANALYZER_NONNULL = YES;
				CLANG_CXX_LANGUAGE_STANDARD = "gnu++0x";
				CLANG_CXX_LIBRARY = "libc++";
				CLANG_ENABLE_MODULES = YES;
				CLANG_ENABLE_OBJC_ARC = YES;
				CLANG_WARN_BOOL_CONVERSION = YES;
				CLANG_WARN_CONSTANT_CONVERSION = YES;
				CLANG_WARN_DIRECT_OBJC_ISA_USAGE = YES_ERROR;
				CLANG_WARN_DOCUMENTATION_COMMENTS = YES;
				CLANG_WARN_EMPTY_BODY = YES;
				CLANG_WARN_ENUM_CONVERSION = YES;
				CLANG_WARN_INFINITE_RECURSION = YES;
				CLANG_WARN_INT_CONVERSION = YES;
				CLANG_WARN_OBJC_ROOT_CLASS = YES_ERROR;
				CLANG_WARN_SUSPICIOUS_MOVES = YES;
				CLANG_WARN_UNREACHABLE_CODE = YES;
				CLANG_WARN__DUPLICATE_METHOD_MATCH = YES;
				"CODE_SIGN_IDENTITY[sdk=iphoneos*]" = "iPhone Developer";
				COPY_PHASE_STRIP = NO;
				CURRENT_PROJECT_VERSION = 1;
				DEBUG_INFORMATION_FORMAT = "dwarf-with-dsym";
				ENABLE_NS_ASSERTIONS = NO;
				ENABLE_STRICT_OBJC_MSGSEND = YES;
				GCC_C_LANGUAGE_STANDARD = gnu99;
				GCC_NO_COMMON_BLOCKS = YES;
				GCC_WARN_64_TO_32_BIT_CONVERSION = YES;
				GCC_WARN_ABOUT_RETURN_TYPE = YES_ERROR;
				GCC_WARN_UNDECLARED_SELECTOR = YES;
				GCC_WARN_UNINITIALIZED_AUTOS = YES_AGGRESSIVE;
				GCC_WARN_UNUSED_FUNCTION = YES;
				GCC_WARN_UNUSED_VARIABLE = YES;
				IPHONEOS_DEPLOYMENT_TARGET = 10.0;
				MTL_ENABLE_DEBUG_INFO = NO;
				SDKROOT = iphoneos;
				SWIFT_OPTIMIZATION_LEVEL = "-Owholemodule";
				TARGETED_DEVICE_FAMILY = "1,2";
				VALIDATE_PRODUCT = YES;
				VERSIONING_SYSTEM = "apple-generic";
				VERSION_INFO_PREFIX = "";
			};
			name = Release;
		};
		479FD2DF1D9C82B200E43871 /* Debug */ = {
			isa = XCBuildConfiguration;
			buildSettings = {
				CLANG_ALLOW_NON_MODULAR_INCLUDES_IN_FRAMEWORK_MODULES = YES;
				CLANG_ENABLE_MODULES = YES;
				CODE_SIGN_IDENTITY = "";
				DEFINES_MODULE = YES;
				DYLIB_COMPATIBILITY_VERSION = 1;
				DYLIB_CURRENT_VERSION = 1;
				DYLIB_INSTALL_NAME_BASE = "@rpath";
				HEADER_SEARCH_PATHS = "$(SRCROOT)/TPReceiptValidator/openssl/include";
				INFOPLIST_FILE = TPReceiptValidator/Info.plist;
				INSTALL_PATH = "$(LOCAL_LIBRARY_DIR)/Frameworks";
				IPHONEOS_DEPLOYMENT_TARGET = 9.0;
				LD_RUNPATH_SEARCH_PATHS = "$(inherited) @executable_path/Frameworks @loader_path/Frameworks";
				LIBRARY_SEARCH_PATHS = (
					"$(inherited)",
					"$(PROJECT_DIR)/TPReceiptValidator/openssl/lib",
				);
				MODULEMAP_FILE = "";
				MODULEMAP_PRIVATE_FILE = "";
				OTHER_LDFLAGS = "-lz";
				PRODUCT_BUNDLE_IDENTIFIER = com.tikhop.TPReceiptValidator;
				PRODUCT_NAME = "$(TARGET_NAME)";
				SKIP_INSTALL = YES;
				SWIFT_INCLUDE_PATHS = "$(SRCROOT)/TPReceiptValidator/openssl";
				SWIFT_OPTIMIZATION_LEVEL = "-Onone";
				SWIFT_VERSION = 3.0;
			};
			name = Debug;
		};
		479FD2E01D9C82B200E43871 /* Release */ = {
			isa = XCBuildConfiguration;
			buildSettings = {
				CLANG_ALLOW_NON_MODULAR_INCLUDES_IN_FRAMEWORK_MODULES = YES;
				CLANG_ENABLE_MODULES = YES;
				CODE_SIGN_IDENTITY = "";
				DEFINES_MODULE = YES;
				DYLIB_COMPATIBILITY_VERSION = 1;
				DYLIB_CURRENT_VERSION = 1;
				DYLIB_INSTALL_NAME_BASE = "@rpath";
				HEADER_SEARCH_PATHS = "$(SRCROOT)/TPReceiptValidator/openssl/include";
				INFOPLIST_FILE = TPReceiptValidator/Info.plist;
				INSTALL_PATH = "$(LOCAL_LIBRARY_DIR)/Frameworks";
				IPHONEOS_DEPLOYMENT_TARGET = 9.0;
				LD_RUNPATH_SEARCH_PATHS = "$(inherited) @executable_path/Frameworks @loader_path/Frameworks";
				LIBRARY_SEARCH_PATHS = (
					"$(inherited)",
					"$(PROJECT_DIR)/TPReceiptValidator/openssl/lib",
				);
				MODULEMAP_FILE = "";
				MODULEMAP_PRIVATE_FILE = "";
				OTHER_LDFLAGS = "-lz";
				PRODUCT_BUNDLE_IDENTIFIER = com.tikhop.TPReceiptValidator;
				PRODUCT_NAME = "$(TARGET_NAME)";
				SKIP_INSTALL = YES;
				SWIFT_INCLUDE_PATHS = "$(SRCROOT)/TPReceiptValidator/openssl";
				SWIFT_VERSION = 3.0;
			};
			name = Release;
		};
/* End XCBuildConfiguration section */

/* Begin XCConfigurationList section */
		479FD2D01D9C82B200E43871 /* Build configuration list for PBXProject "TPReceiptValidator" */ = {
			isa = XCConfigurationList;
			buildConfigurations = (
				479FD2DC1D9C82B200E43871 /* Debug */,
				479FD2DD1D9C82B200E43871 /* Release */,
			);
			defaultConfigurationIsVisible = 0;
			defaultConfigurationName = Release;
		};
		479FD2DE1D9C82B200E43871 /* Build configuration list for PBXNativeTarget "TPReceiptValidator" */ = {
			isa = XCConfigurationList;
			buildConfigurations = (
				479FD2DF1D9C82B200E43871 /* Debug */,
				479FD2E01D9C82B200E43871 /* Release */,
			);
			defaultConfigurationIsVisible = 0;
			defaultConfigurationName = Release;
		};
/* End XCConfigurationList section */
	};
	rootObject = 479FD2CD1D9C82B200E43871 /* Project object */;
}
